{
  "name": "@moonbeam-network/xcm-config",
  "version": "1.0.0",
  "lockfileVersion": 2,
  "requires": true,
  "packages": {
    "": {
      "name": "@moonbeam-network/xcm-config",
      "version": "1.0.0",
      "license": "GPL-3.0-only",
      "dependencies": {
        "@moonbeam-network/api-augment": "^0.1700.0",
        "@polkadot/types": "^8.12.2",
        "@polkadot/util": "^10.0.2",
        "@polkadot/util-crypto": "^10.0.2"
      }
    },
    "node_modules/@babel/runtime": {
      "version": "7.18.6",
      "resolved": "https://registry.npmjs.org/@babel/runtime/-/runtime-7.18.6.tgz",
      "integrity": "sha512-t9wi7/AW6XtKahAe20Yw0/mMljKq0B1r2fPdvaAdV/KPDZewFXdaaa6K7lxmZBZ8FBNpCiAT6iHPmd6QO9bKfQ==",
      "dependencies": {
        "regenerator-runtime": "^0.13.4"
      },
      "engines": {
        "node": ">=6.9.0"
      }
    },
    "node_modules/@moonbeam-network/api-augment": {
      "version": "0.1700.0",
      "resolved": "https://registry.npmjs.org/@moonbeam-network/api-augment/-/api-augment-0.1700.0.tgz",
      "integrity": "sha512-HpRVtS1HyONSrPNGh8pkjqU9TDCItF0WdX/VfYtFFXgXyUz+KFb8fEK/frU4G7ZZmskMUmCxi/ccMfH86dgMuw==",
      "engines": {
        "node": ">=14.0.0"
      }
    },
    "node_modules/@noble/hashes": {
      "version": "1.1.2",
      "resolved": "https://registry.npmjs.org/@noble/hashes/-/hashes-1.1.2.tgz",
      "integrity": "sha512-KYRCASVTv6aeUi1tsF8/vpyR7zpfs3FUzy2Jqm+MU+LmUKhQ0y2FpfwqkCcxSg2ua4GALJd8k2R76WxwZGbQpA==",
      "funding": [
        {
          "type": "individual",
          "url": "https://paulmillr.com/funding/"
        }
      ]
    },
    "node_modules/@noble/secp256k1": {
      "version": "1.6.0",
      "resolved": "https://registry.npmjs.org/@noble/secp256k1/-/secp256k1-1.6.0.tgz",
      "integrity": "sha512-DWSsg8zMHOYMYBqIQi96BQuthZrp98LCeMNcUOaffCIVYQ5yxDbNikLF+H7jEnmNNmXbtVic46iCuVWzar+MgA==",
      "funding": [
        {
          "type": "individual",
          "url": "https://paulmillr.com/funding/"
        }
      ]
    },
    "node_modules/@polkadot/keyring": {
      "version": "10.0.2",
      "resolved": "https://registry.npmjs.org/@polkadot/keyring/-/keyring-10.0.2.tgz",
      "integrity": "sha512-N/lx/e9alR/lUREap4hQ/YKa+CKCFIa4QOKLz8eFhpqhbA5M5nQcjrppitO+sX/XlpmbOBpbnO168cU2dA09Iw==",
      "dependencies": {
        "@babel/runtime": "^7.18.6",
        "@polkadot/util": "10.0.2",
        "@polkadot/util-crypto": "10.0.2"
      },
      "engines": {
        "node": ">=14.0.0"
      },
      "peerDependencies": {
        "@polkadot/util": "10.0.2",
        "@polkadot/util-crypto": "10.0.2"
      }
    },
    "node_modules/@polkadot/networks": {
      "version": "10.0.2",
      "resolved": "https://registry.npmjs.org/@polkadot/networks/-/networks-10.0.2.tgz",
      "integrity": "sha512-K7hUFmErTrBtkobhvFwT/oPEQrI1oVr7WfngquM+zN0oHiHzRspecxifGKsQ1kw78F7zrZKOBScW/hoJbdI8fA==",
      "dependencies": {
        "@babel/runtime": "^7.18.6",
        "@polkadot/util": "10.0.2",
        "@substrate/ss58-registry": "^1.23.0"
      },
      "engines": {
        "node": ">=14.0.0"
      }
    },
    "node_modules/@polkadot/types": {
      "version": "8.12.2",
      "resolved": "https://registry.npmjs.org/@polkadot/types/-/types-8.12.2.tgz",
      "integrity": "sha512-hOqLunz4YH51B6AvuemX1cXKf+O8pehEoP3lH+FRKfJ7wyVhqa3WA+aUXhoTQBIuSiOjjC/FEJrRO5AoNO2iCg==",
      "dependencies": {
        "@babel/runtime": "^7.18.6",
        "@polkadot/keyring": "^10.0.2",
        "@polkadot/types-augment": "8.12.2",
        "@polkadot/types-codec": "8.12.2",
        "@polkadot/types-create": "8.12.2",
        "@polkadot/util": "^10.0.2",
        "@polkadot/util-crypto": "^10.0.2",
        "rxjs": "^7.5.5"
      },
      "engines": {
        "node": ">=14.0.0"
      }
    },
    "node_modules/@polkadot/types-augment": {
      "version": "8.12.2",
      "resolved": "https://registry.npmjs.org/@polkadot/types-augment/-/types-augment-8.12.2.tgz",
      "integrity": "sha512-47+T12u7HV+g22KryirG7fik5lU1tHgu39wLv8YZ/6jD1hVvgE632fvaCp4qje1F3M82aXobfekO+WOPLCZVsg==",
      "dependencies": {
        "@babel/runtime": "^7.18.6",
        "@polkadot/types": "8.12.2",
        "@polkadot/types-codec": "8.12.2",
        "@polkadot/util": "^10.0.2"
      },
      "engines": {
        "node": ">=14.0.0"
      }
    },
    "node_modules/@polkadot/types-codec": {
      "version": "8.12.2",
      "resolved": "https://registry.npmjs.org/@polkadot/types-codec/-/types-codec-8.12.2.tgz",
      "integrity": "sha512-NDa2ZJpJMWC9Un3PtvkyJF86M80gLqSmPyjIR8xxp0DzcD5EsCL8EV79xcOWUGm2lws1C66a4t4He/8ZwPNUqg==",
      "dependencies": {
        "@babel/runtime": "^7.18.6",
        "@polkadot/util": "^10.0.2",
        "@polkadot/x-bigint": "^10.0.2"
      },
      "engines": {
        "node": ">=14.0.0"
      }
    },
    "node_modules/@polkadot/types-create": {
      "version": "8.12.2",
      "resolved": "https://registry.npmjs.org/@polkadot/types-create/-/types-create-8.12.2.tgz",
      "integrity": "sha512-D+Sfj+TwvipO+wl4XbsVkw5AgFdpy5O2JY88CV6L26EGU2OqCcTuenwSGdrsiLWW65m97q9lP7SUphUh39vBhA==",
      "dependencies": {
        "@babel/runtime": "^7.18.6",
        "@polkadot/types-codec": "8.12.2",
        "@polkadot/util": "^10.0.2"
      },
      "engines": {
        "node": ">=14.0.0"
      }
    },
    "node_modules/@polkadot/util": {
      "version": "10.0.2",
      "resolved": "https://registry.npmjs.org/@polkadot/util/-/util-10.0.2.tgz",
      "integrity": "sha512-jE1b6Zzltsb/GJV5sFmTSQOlYLd3fipY+DeLS9J+BbsWZW6uUc5x+FNm4pLrYxF1IqiZxwBv1Vi89L14uWZ1rw==",
      "dependencies": {
        "@babel/runtime": "^7.18.6",
        "@polkadot/x-bigint": "10.0.2",
        "@polkadot/x-global": "10.0.2",
        "@polkadot/x-textdecoder": "10.0.2",
        "@polkadot/x-textencoder": "10.0.2",
        "@types/bn.js": "^5.1.0",
        "bn.js": "^5.2.1"
      },
      "engines": {
        "node": ">=14.0.0"
      }
    },
    "node_modules/@polkadot/util-crypto": {
      "version": "10.0.2",
      "resolved": "https://registry.npmjs.org/@polkadot/util-crypto/-/util-crypto-10.0.2.tgz",
      "integrity": "sha512-0uJFvu5cpRBep0/AcpA8vnXH3gnoe+ADiMKD93AekjxrOVqlrjVHKIf+FbiGv1paRKISxoO5Q2j7nCvDsi1q5w==",
      "dependencies": {
        "@babel/runtime": "^7.18.6",
        "@noble/hashes": "1.1.2",
        "@noble/secp256k1": "1.6.0",
        "@polkadot/networks": "10.0.2",
        "@polkadot/util": "10.0.2",
        "@polkadot/wasm-crypto": "^6.2.3",
        "@polkadot/x-bigint": "10.0.2",
        "@polkadot/x-randomvalues": "10.0.2",
        "@scure/base": "1.1.1",
        "ed2curve": "^0.3.0",
        "tweetnacl": "^1.0.3"
      },
      "engines": {
        "node": ">=14.0.0"
      },
      "peerDependencies": {
        "@polkadot/util": "10.0.2"
      }
    },
    "node_modules/@polkadot/wasm-bridge": {
      "version": "6.2.3",
      "resolved": "https://registry.npmjs.org/@polkadot/wasm-bridge/-/wasm-bridge-6.2.3.tgz",
      "integrity": "sha512-kDPcUF5uCZJeJUlWtjk6u4KRy+RTObZbIMgZKiuCcQn9n3EYWadONvStfIyKaiFCc3VFVivzH1cUwTFxxTNHHQ==",
      "dependencies": {
        "@babel/runtime": "^7.18.6"
      },
      "engines": {
        "node": ">=14.0.0"
      },
      "peerDependencies": {
        "@polkadot/util": "*",
        "@polkadot/x-randomvalues": "*"
      }
    },
    "node_modules/@polkadot/wasm-crypto": {
      "version": "6.2.3",
      "resolved": "https://registry.npmjs.org/@polkadot/wasm-crypto/-/wasm-crypto-6.2.3.tgz",
      "integrity": "sha512-Jq08uX16YYySanwN/37n/ZzOFv8T2H4NzLaQNjSGNbFdmKzkrlpw369XRNIVhrKGtK4v09O5ZaF5P9qc0EHgsg==",
      "dependencies": {
        "@babel/runtime": "^7.18.6",
        "@polkadot/wasm-bridge": "6.2.3",
        "@polkadot/wasm-crypto-asmjs": "6.2.3",
        "@polkadot/wasm-crypto-init": "6.2.3",
        "@polkadot/wasm-crypto-wasm": "6.2.3",
        "@polkadot/wasm-util": "6.2.3"
      },
      "engines": {
        "node": ">=14.0.0"
      },
      "peerDependencies": {
        "@polkadot/util": "*",
        "@polkadot/x-randomvalues": "*"
      }
    },
    "node_modules/@polkadot/wasm-crypto-asmjs": {
      "version": "6.2.3",
      "resolved": "https://registry.npmjs.org/@polkadot/wasm-crypto-asmjs/-/wasm-crypto-asmjs-6.2.3.tgz",
      "integrity": "sha512-d/eH02d/XB/vIGIQwyoFB4zNRb3h5PlWoXolGeVSuoa8476ouEdaWhy64mFwXBmjfluaeCOFXRs+QbxetwrDZg==",
      "dependencies": {
        "@babel/runtime": "^7.18.6"
      },
      "engines": {
        "node": ">=14.0.0"
      },
      "peerDependencies": {
        "@polkadot/util": "*"
      }
    },
    "node_modules/@polkadot/wasm-crypto-init": {
      "version": "6.2.3",
      "resolved": "https://registry.npmjs.org/@polkadot/wasm-crypto-init/-/wasm-crypto-init-6.2.3.tgz",
      "integrity": "sha512-jDFD4ITWbvFgsGiRI61lrzI/eobG8VrI9nVCiDBqQZK7mNnGkyIdnFD1prW36uiv6/tkqSiGGvdb7dEKtmsB+Q==",
      "dependencies": {
        "@babel/runtime": "^7.18.6",
        "@polkadot/wasm-bridge": "6.2.3",
        "@polkadot/wasm-crypto-asmjs": "6.2.3",
        "@polkadot/wasm-crypto-wasm": "6.2.3"
      },
      "engines": {
        "node": ">=14.0.0"
      },
      "peerDependencies": {
        "@polkadot/util": "*",
        "@polkadot/x-randomvalues": "*"
      }
    },
    "node_modules/@polkadot/wasm-crypto-wasm": {
      "version": "6.2.3",
      "resolved": "https://registry.npmjs.org/@polkadot/wasm-crypto-wasm/-/wasm-crypto-wasm-6.2.3.tgz",
      "integrity": "sha512-bYRhYPcR4MBLAZz8liozr8E11r7j6RLkNHu80z65lZ5AWgjDu2MgYfKxZFWZxg8rB6+V1uYFmb7czUiSWOn4Rg==",
      "dependencies": {
        "@babel/runtime": "^7.18.6",
        "@polkadot/wasm-util": "6.2.3"
      },
      "engines": {
        "node": ">=14.0.0"
      },
      "peerDependencies": {
        "@polkadot/util": "*"
      }
    },
    "node_modules/@polkadot/wasm-util": {
      "version": "6.2.3",
      "resolved": "https://registry.npmjs.org/@polkadot/wasm-util/-/wasm-util-6.2.3.tgz",
      "integrity": "sha512-8BQ9gVSrjdc0MPWN9qtNWlMiK+J8dICu1gZJ+cy/hqKjer2MzwX4SeW2wyL5MkYYHjih3ajMRSoSA+/eY2iEwg==",
      "dependencies": {
        "@babel/runtime": "^7.18.6"
      },
      "engines": {
        "node": ">=14.0.0"
      },
      "peerDependencies": {
        "@polkadot/util": "*"
      }
    },
    "node_modules/@polkadot/x-bigint": {
      "version": "10.0.2",
      "resolved": "https://registry.npmjs.org/@polkadot/x-bigint/-/x-bigint-10.0.2.tgz",
      "integrity": "sha512-LtfPi+AyZDNe8jQGVmyDfxGyQDdM6ISZEwJD1ieGd4eUbOkfPmn+1t+0rjtxjISZcyP40fSFcLxtL191jDV8Bw==",
      "dependencies": {
        "@babel/runtime": "^7.18.6",
        "@polkadot/x-global": "10.0.2"
      },
      "engines": {
        "node": ">=14.0.0"
      }
    },
    "node_modules/@polkadot/x-global": {
      "version": "10.0.2",
      "resolved": "https://registry.npmjs.org/@polkadot/x-global/-/x-global-10.0.2.tgz",
      "integrity": "sha512-IlxSH36RjcQTImufaJCtvommMmkNWbwOy+/Z7FEOKUOcoiPaUhHU3CzWser+EtClckx7qPLY5lZ59Pxf7HWupQ==",
      "dependencies": {
        "@babel/runtime": "^7.18.6"
      },
      "engines": {
        "node": ">=14.0.0"
      }
    },
    "node_modules/@polkadot/x-randomvalues": {
      "version": "10.0.2",
      "resolved": "https://registry.npmjs.org/@polkadot/x-randomvalues/-/x-randomvalues-10.0.2.tgz",
      "integrity": "sha512-kYbNeeOaDEnNqVhIgh8ds9YC79Tji5/HDqQymx7Xb3YmTagdOAe2klrTRJzVfsUKljzhlVOuF3Zcf/PRNbt/2w==",
      "dependencies": {
        "@babel/runtime": "^7.18.6",
        "@polkadot/x-global": "10.0.2"
      },
      "engines": {
        "node": ">=14.0.0"
      }
    },
    "node_modules/@polkadot/x-textdecoder": {
      "version": "10.0.2",
      "resolved": "https://registry.npmjs.org/@polkadot/x-textdecoder/-/x-textdecoder-10.0.2.tgz",
      "integrity": "sha512-EI1+Osrfadtm4XFfdcjYgV/1yYoPoFaIJfZiPphPSy/4Ceeblmz9T2hWPdJ3uWtPpk6FkhxudB44Y1JuCwXBjg==",
      "dependencies": {
        "@babel/runtime": "^7.18.6",
        "@polkadot/x-global": "10.0.2"
      },
      "engines": {
        "node": ">=14.0.0"
      }
    },
    "node_modules/@polkadot/x-textencoder": {
      "version": "10.0.2",
      "resolved": "https://registry.npmjs.org/@polkadot/x-textencoder/-/x-textencoder-10.0.2.tgz",
      "integrity": "sha512-iTLC700ExtRFsP+fE+dA5CO0xjQ46XeQqbJxa7wJK3aKrzpogyTLZXc0O5ISE1xltOmsQSA9QOELMP113kZkvA==",
      "dependencies": {
        "@babel/runtime": "^7.18.6",
        "@polkadot/x-global": "10.0.2"
      },
      "engines": {
        "node": ">=14.0.0"
      }
    },
    "node_modules/@scure/base": {
      "version": "1.1.1",
      "resolved": "https://registry.npmjs.org/@scure/base/-/base-1.1.1.tgz",
      "integrity": "sha512-ZxOhsSyxYwLJj3pLZCefNitxsj093tb2vq90mp2txoYeBqbcjDjqFhyM8eUjq/uFm6zJ+mUuqxlS2FkuSY1MTA==",
      "funding": [
        {
          "type": "individual",
          "url": "https://paulmillr.com/funding/"
        }
      ]
    },
    "node_modules/@substrate/ss58-registry": {
      "version": "1.23.0",
      "resolved": "https://registry.npmjs.org/@substrate/ss58-registry/-/ss58-registry-1.23.0.tgz",
      "integrity": "sha512-LuQje7n48GXSsp1aGI6UEmNVtlh7OzQ6CN1Hd9VGUrshADwMB0lRZ5bxnffmqDR4vVugI7h0NN0AONhIW1eHGg=="
    },
    "node_modules/@types/bn.js": {
      "version": "5.1.0",
      "resolved": "https://registry.npmjs.org/@types/bn.js/-/bn.js-5.1.0.tgz",
      "integrity": "sha512-QSSVYj7pYFN49kW77o2s9xTCwZ8F2xLbjLLSEVh8D2F4JUhZtPAGOFLTD+ffqksBx/u4cE/KImFjyhqCjn/LIA==",
      "dependencies": {
        "@types/node": "*"
      }
    },
    "node_modules/@types/node": {
      "version": "18.0.3",
      "resolved": "https://registry.npmjs.org/@types/node/-/node-18.0.3.tgz",
      "integrity": "sha512-HzNRZtp4eepNitP+BD6k2L6DROIDG4Q0fm4x+dwfsr6LGmROENnok75VGw40628xf+iR24WeMFcHuuBDUAzzsQ=="
    },
    "node_modules/bn.js": {
      "version": "5.2.1",
      "resolved": "https://registry.npmjs.org/bn.js/-/bn.js-5.2.1.tgz",
      "integrity": "sha512-eXRvHzWyYPBuB4NBy0cmYQjGitUrtqwbvlzP3G6VFnNRbsZQIxQ10PbKKHt8gZ/HW/D/747aDl+QkDqg3KQLMQ=="
    },
    "node_modules/ed2curve": {
      "version": "0.3.0",
      "resolved": "https://registry.npmjs.org/ed2curve/-/ed2curve-0.3.0.tgz",
      "integrity": "sha512-8w2fmmq3hv9rCrcI7g9hms2pMunQr1JINfcjwR9tAyZqhtyaMN991lF/ZfHfr5tzZQ8c7y7aBgZbjfbd0fjFwQ==",
      "dependencies": {
        "tweetnacl": "1.x.x"
      }
    },
    "node_modules/regenerator-runtime": {
      "version": "0.13.9",
      "resolved": "https://registry.npmjs.org/regenerator-runtime/-/regenerator-runtime-0.13.9.tgz",
      "integrity": "sha512-p3VT+cOEgxFsRRA9X4lkI1E+k2/CtnKtU4gcxyaCUreilL/vqI6CdZ3wxVUx3UOUg+gnUOQQcRI7BmSI656MYA=="
    },
    "node_modules/rxjs": {
      "version": "7.5.6",
      "resolved": "https://registry.npmjs.org/rxjs/-/rxjs-7.5.6.tgz",
      "integrity": "sha512-dnyv2/YsXhnm461G+R/Pe5bWP41Nm6LBXEYWI6eiFP4fiwx6WRI/CD0zbdVAudd9xwLEF2IDcKXLHit0FYjUzw==",
      "dependencies": {
        "tslib": "^2.1.0"
      }
    },
    "node_modules/tslib": {
      "version": "2.4.0",
      "resolved": "https://registry.npmjs.org/tslib/-/tslib-2.4.0.tgz",
      "integrity": "sha512-d6xOpEDfsi2CZVlPQzGeux8XMwLT9hssAsaPYExaQMuYskwb+x1x7J371tWlbBdWHroy99KnVB6qIkUbs5X3UQ=="
    },
    "node_modules/tweetnacl": {
      "version": "1.0.3",
      "resolved": "https://registry.npmjs.org/tweetnacl/-/tweetnacl-1.0.3.tgz",
      "integrity": "sha512-6rt+RN7aOi1nGMyC4Xa5DdYiukl2UWCbcJft7YhxReBGQD7OAM8Pbxw6YMo4r2diNEA8FEmu32YOn9rhaiE5yw=="
    }
  },
  "dependencies": {
    "@babel/runtime": {
      "version": "7.18.6",
      "resolved": "https://registry.npmjs.org/@babel/runtime/-/runtime-7.18.6.tgz",
      "integrity": "sha512-t9wi7/AW6XtKahAe20Yw0/mMljKq0B1r2fPdvaAdV/KPDZewFXdaaa6K7lxmZBZ8FBNpCiAT6iHPmd6QO9bKfQ==",
      "requires": {
        "regenerator-runtime": "^0.13.4"
      }
    },
    "@moonbeam-network/api-augment": {
      "version": "0.1700.0",
      "resolved": "https://registry.npmjs.org/@moonbeam-network/api-augment/-/api-augment-0.1700.0.tgz",
      "integrity": "sha512-HpRVtS1HyONSrPNGh8pkjqU9TDCItF0WdX/VfYtFFXgXyUz+KFb8fEK/frU4G7ZZmskMUmCxi/ccMfH86dgMuw=="
    },
    "@noble/hashes": {
      "version": "1.1.2",
      "resolved": "https://registry.npmjs.org/@noble/hashes/-/hashes-1.1.2.tgz",
      "integrity": "sha512-KYRCASVTv6aeUi1tsF8/vpyR7zpfs3FUzy2Jqm+MU+LmUKhQ0y2FpfwqkCcxSg2ua4GALJd8k2R76WxwZGbQpA=="
    },
    "@noble/secp256k1": {
      "version": "1.6.0",
      "resolved": "https://registry.npmjs.org/@noble/secp256k1/-/secp256k1-1.6.0.tgz",
      "integrity": "sha512-DWSsg8zMHOYMYBqIQi96BQuthZrp98LCeMNcUOaffCIVYQ5yxDbNikLF+H7jEnmNNmXbtVic46iCuVWzar+MgA=="
    },
    "@polkadot/keyring": {
      "version": "10.0.2",
      "resolved": "https://registry.npmjs.org/@polkadot/keyring/-/keyring-10.0.2.tgz",
      "integrity": "sha512-N/lx/e9alR/lUREap4hQ/YKa+CKCFIa4QOKLz8eFhpqhbA5M5nQcjrppitO+sX/XlpmbOBpbnO168cU2dA09Iw==",
      "requires": {
        "@babel/runtime": "^7.18.6",
        "@polkadot/util": "10.0.2",
        "@polkadot/util-crypto": "10.0.2"
      }
    },
    "@polkadot/networks": {
      "version": "10.0.2",
      "resolved": "https://registry.npmjs.org/@polkadot/networks/-/networks-10.0.2.tgz",
      "integrity": "sha512-K7hUFmErTrBtkobhvFwT/oPEQrI1oVr7WfngquM+zN0oHiHzRspecxifGKsQ1kw78F7zrZKOBScW/hoJbdI8fA==",
      "requires": {
        "@babel/runtime": "^7.18.6",
        "@polkadot/util": "10.0.2",
        "@substrate/ss58-registry": "^1.23.0"
      }
    },
    "@polkadot/types": {
      "version": "8.12.2",
      "resolved": "https://registry.npmjs.org/@polkadot/types/-/types-8.12.2.tgz",
      "integrity": "sha512-hOqLunz4YH51B6AvuemX1cXKf+O8pehEoP3lH+FRKfJ7wyVhqa3WA+aUXhoTQBIuSiOjjC/FEJrRO5AoNO2iCg==",
      "requires": {
        "@babel/runtime": "^7.18.6",
        "@polkadot/keyring": "^10.0.2",
        "@polkadot/types-augment": "8.12.2",
        "@polkadot/types-codec": "8.12.2",
        "@polkadot/types-create": "8.12.2",
        "@polkadot/util": "^10.0.2",
        "@polkadot/util-crypto": "^10.0.2",
        "rxjs": "^7.5.5"
      }
    },
    "@polkadot/types-augment": {
      "version": "8.12.2",
      "resolved": "https://registry.npmjs.org/@polkadot/types-augment/-/types-augment-8.12.2.tgz",
      "integrity": "sha512-47+T12u7HV+g22KryirG7fik5lU1tHgu39wLv8YZ/6jD1hVvgE632fvaCp4qje1F3M82aXobfekO+WOPLCZVsg==",
      "requires": {
        "@babel/runtime": "^7.18.6",
        "@polkadot/types": "8.12.2",
        "@polkadot/types-codec": "8.12.2",
        "@polkadot/util": "^10.0.2"
      }
    },
    "@polkadot/types-codec": {
      "version": "8.12.2",
      "resolved": "https://registry.npmjs.org/@polkadot/types-codec/-/types-codec-8.12.2.tgz",
      "integrity": "sha512-NDa2ZJpJMWC9Un3PtvkyJF86M80gLqSmPyjIR8xxp0DzcD5EsCL8EV79xcOWUGm2lws1C66a4t4He/8ZwPNUqg==",
      "requires": {
        "@babel/runtime": "^7.18.6",
        "@polkadot/util": "^10.0.2",
        "@polkadot/x-bigint": "^10.0.2"
      }
    },
    "@polkadot/types-create": {
      "version": "8.12.2",
      "resolved": "https://registry.npmjs.org/@polkadot/types-create/-/types-create-8.12.2.tgz",
      "integrity": "sha512-D+Sfj+TwvipO+wl4XbsVkw5AgFdpy5O2JY88CV6L26EGU2OqCcTuenwSGdrsiLWW65m97q9lP7SUphUh39vBhA==",
      "requires": {
        "@babel/runtime": "^7.18.6",
        "@polkadot/types-codec": "8.12.2",
        "@polkadot/util": "^10.0.2"
      }
    },
    "@polkadot/util": {
      "version": "10.0.2",
      "resolved": "https://registry.npmjs.org/@polkadot/util/-/util-10.0.2.tgz",
      "integrity": "sha512-jE1b6Zzltsb/GJV5sFmTSQOlYLd3fipY+DeLS9J+BbsWZW6uUc5x+FNm4pLrYxF1IqiZxwBv1Vi89L14uWZ1rw==",
      "requires": {
        "@babel/runtime": "^7.18.6",
        "@polkadot/x-bigint": "10.0.2",
        "@polkadot/x-global": "10.0.2",
        "@polkadot/x-textdecoder": "10.0.2",
        "@polkadot/x-textencoder": "10.0.2",
        "@types/bn.js": "^5.1.0",
        "bn.js": "^5.2.1"
      }
    },
    "@polkadot/util-crypto": {
      "version": "10.0.2",
      "resolved": "https://registry.npmjs.org/@polkadot/util-crypto/-/util-crypto-10.0.2.tgz",
      "integrity": "sha512-0uJFvu5cpRBep0/AcpA8vnXH3gnoe+ADiMKD93AekjxrOVqlrjVHKIf+FbiGv1paRKISxoO5Q2j7nCvDsi1q5w==",
      "requires": {
        "@babel/runtime": "^7.18.6",
        "@noble/hashes": "1.1.2",
        "@noble/secp256k1": "1.6.0",
        "@polkadot/networks": "10.0.2",
        "@polkadot/util": "10.0.2",
        "@polkadot/wasm-crypto": "^6.2.3",
        "@polkadot/x-bigint": "10.0.2",
        "@polkadot/x-randomvalues": "10.0.2",
        "@scure/base": "1.1.1",
        "ed2curve": "^0.3.0",
        "tweetnacl": "^1.0.3"
      }
    },
    "@polkadot/wasm-bridge": {
      "version": "6.2.3",
      "resolved": "https://registry.npmjs.org/@polkadot/wasm-bridge/-/wasm-bridge-6.2.3.tgz",
      "integrity": "sha512-kDPcUF5uCZJeJUlWtjk6u4KRy+RTObZbIMgZKiuCcQn9n3EYWadONvStfIyKaiFCc3VFVivzH1cUwTFxxTNHHQ==",
      "requires": {
        "@babel/runtime": "^7.18.6"
      }
    },
    "@polkadot/wasm-crypto": {
      "version": "6.2.3",
      "resolved": "https://registry.npmjs.org/@polkadot/wasm-crypto/-/wasm-crypto-6.2.3.tgz",
      "integrity": "sha512-Jq08uX16YYySanwN/37n/ZzOFv8T2H4NzLaQNjSGNbFdmKzkrlpw369XRNIVhrKGtK4v09O5ZaF5P9qc0EHgsg==",
      "requires": {
        "@babel/runtime": "^7.18.6",
        "@polkadot/wasm-bridge": "6.2.3",
        "@polkadot/wasm-crypto-asmjs": "6.2.3",
        "@polkadot/wasm-crypto-init": "6.2.3",
        "@polkadot/wasm-crypto-wasm": "6.2.3",
        "@polkadot/wasm-util": "6.2.3"
      }
    },
    "@polkadot/wasm-crypto-asmjs": {
      "version": "6.2.3",
      "resolved": "https://registry.npmjs.org/@polkadot/wasm-crypto-asmjs/-/wasm-crypto-asmjs-6.2.3.tgz",
      "integrity": "sha512-d/eH02d/XB/vIGIQwyoFB4zNRb3h5PlWoXolGeVSuoa8476ouEdaWhy64mFwXBmjfluaeCOFXRs+QbxetwrDZg==",
      "requires": {
        "@babel/runtime": "^7.18.6"
      }
    },
    "@polkadot/wasm-crypto-init": {
      "version": "6.2.3",
      "resolved": "https://registry.npmjs.org/@polkadot/wasm-crypto-init/-/wasm-crypto-init-6.2.3.tgz",
      "integrity": "sha512-jDFD4ITWbvFgsGiRI61lrzI/eobG8VrI9nVCiDBqQZK7mNnGkyIdnFD1prW36uiv6/tkqSiGGvdb7dEKtmsB+Q==",
      "requires": {
        "@babel/runtime": "^7.18.6",
        "@polkadot/wasm-bridge": "6.2.3",
        "@polkadot/wasm-crypto-asmjs": "6.2.3",
        "@polkadot/wasm-crypto-wasm": "6.2.3"
      }
    },
    "@polkadot/wasm-crypto-wasm": {
      "version": "6.2.3",
      "resolved": "https://registry.npmjs.org/@polkadot/wasm-crypto-wasm/-/wasm-crypto-wasm-6.2.3.tgz",
      "integrity": "sha512-bYRhYPcR4MBLAZz8liozr8E11r7j6RLkNHu80z65lZ5AWgjDu2MgYfKxZFWZxg8rB6+V1uYFmb7czUiSWOn4Rg==",
      "requires": {
        "@babel/runtime": "^7.18.6",
        "@polkadot/wasm-util": "6.2.3"
      }
    },
    "@polkadot/wasm-util": {
      "version": "6.2.3",
      "resolved": "https://registry.npmjs.org/@polkadot/wasm-util/-/wasm-util-6.2.3.tgz",
      "integrity": "sha512-8BQ9gVSrjdc0MPWN9qtNWlMiK+J8dICu1gZJ+cy/hqKjer2MzwX4SeW2wyL5MkYYHjih3ajMRSoSA+/eY2iEwg==",
      "requires": {
        "@babel/runtime": "^7.18.6"
      }
    },
    "@polkadot/x-bigint": {
      "version": "10.0.2",
      "resolved": "https://registry.npmjs.org/@polkadot/x-bigint/-/x-bigint-10.0.2.tgz",
      "integrity": "sha512-LtfPi+AyZDNe8jQGVmyDfxGyQDdM6ISZEwJD1ieGd4eUbOkfPmn+1t+0rjtxjISZcyP40fSFcLxtL191jDV8Bw==",
      "requires": {
        "@babel/runtime": "^7.18.6",
        "@polkadot/x-global": "10.0.2"
      }
    },
    "@polkadot/x-global": {
      "version": "10.0.2",
      "resolved": "https://registry.npmjs.org/@polkadot/x-global/-/x-global-10.0.2.tgz",
      "integrity": "sha512-IlxSH36RjcQTImufaJCtvommMmkNWbwOy+/Z7FEOKUOcoiPaUhHU3CzWser+EtClckx7qPLY5lZ59Pxf7HWupQ==",
      "requires": {
        "@babel/runtime": "^7.18.6"
      }
    },
    "@polkadot/x-randomvalues": {
      "version": "10.0.2",
      "resolved": "https://registry.npmjs.org/@polkadot/x-randomvalues/-/x-randomvalues-10.0.2.tgz",
      "integrity": "sha512-kYbNeeOaDEnNqVhIgh8ds9YC79Tji5/HDqQymx7Xb3YmTagdOAe2klrTRJzVfsUKljzhlVOuF3Zcf/PRNbt/2w==",
      "requires": {
        "@babel/runtime": "^7.18.6",
        "@polkadot/x-global": "10.0.2"
      }
    },
    "@polkadot/x-textdecoder": {
      "version": "10.0.2",
      "resolved": "https://registry.npmjs.org/@polkadot/x-textdecoder/-/x-textdecoder-10.0.2.tgz",
      "integrity": "sha512-EI1+Osrfadtm4XFfdcjYgV/1yYoPoFaIJfZiPphPSy/4Ceeblmz9T2hWPdJ3uWtPpk6FkhxudB44Y1JuCwXBjg==",
      "requires": {
        "@babel/runtime": "^7.18.6",
        "@polkadot/x-global": "10.0.2"
      }
    },
    "@polkadot/x-textencoder": {
      "version": "10.0.2",
      "resolved": "https://registry.npmjs.org/@polkadot/x-textencoder/-/x-textencoder-10.0.2.tgz",
      "integrity": "sha512-iTLC700ExtRFsP+fE+dA5CO0xjQ46XeQqbJxa7wJK3aKrzpogyTLZXc0O5ISE1xltOmsQSA9QOELMP113kZkvA==",
      "requires": {
        "@babel/runtime": "^7.18.6",
        "@polkadot/x-global": "10.0.2"
      }
    },
    "@scure/base": {
      "version": "1.1.1",
      "resolved": "https://registry.npmjs.org/@scure/base/-/base-1.1.1.tgz",
      "integrity": "sha512-ZxOhsSyxYwLJj3pLZCefNitxsj093tb2vq90mp2txoYeBqbcjDjqFhyM8eUjq/uFm6zJ+mUuqxlS2FkuSY1MTA=="
    },
    "@substrate/ss58-registry": {
      "version": "1.23.0",
      "resolved": "https://registry.npmjs.org/@substrate/ss58-registry/-/ss58-registry-1.23.0.tgz",
      "integrity": "sha512-LuQje7n48GXSsp1aGI6UEmNVtlh7OzQ6CN1Hd9VGUrshADwMB0lRZ5bxnffmqDR4vVugI7h0NN0AONhIW1eHGg=="
    },
    "@types/bn.js": {
      "version": "5.1.0",
      "resolved": "https://registry.npmjs.org/@types/bn.js/-/bn.js-5.1.0.tgz",
      "integrity": "sha512-QSSVYj7pYFN49kW77o2s9xTCwZ8F2xLbjLLSEVh8D2F4JUhZtPAGOFLTD+ffqksBx/u4cE/KImFjyhqCjn/LIA==",
      "requires": {
        "@types/node": "*"
      }
    },
    "@types/node": {
      "version": "18.0.3",
      "resolved": "https://registry.npmjs.org/@types/node/-/node-18.0.3.tgz",
      "integrity": "sha512-HzNRZtp4eepNitP+BD6k2L6DROIDG4Q0fm4x+dwfsr6LGmROENnok75VGw40628xf+iR24WeMFcHuuBDUAzzsQ=="
    },
    "bn.js": {
      "version": "5.2.1",
      "resolved": "https://registry.npmjs.org/bn.js/-/bn.js-5.2.1.tgz",
      "integrity": "sha512-eXRvHzWyYPBuB4NBy0cmYQjGitUrtqwbvlzP3G6VFnNRbsZQIxQ10PbKKHt8gZ/HW/D/747aDl+QkDqg3KQLMQ=="
    },
    "ed2curve": {
      "version": "0.3.0",
      "resolved": "https://registry.npmjs.org/ed2curve/-/ed2curve-0.3.0.tgz",
      "integrity": "sha512-8w2fmmq3hv9rCrcI7g9hms2pMunQr1JINfcjwR9tAyZqhtyaMN991lF/ZfHfr5tzZQ8c7y7aBgZbjfbd0fjFwQ==",
      "requires": {
        "tweetnacl": "1.x.x"
      }
    },
    "regenerator-runtime": {
      "version": "0.13.9",
      "resolved": "https://registry.npmjs.org/regenerator-runtime/-/regenerator-runtime-0.13.9.tgz",
      "integrity": "sha512-p3VT+cOEgxFsRRA9X4lkI1E+k2/CtnKtU4gcxyaCUreilL/vqI6CdZ3wxVUx3UOUg+gnUOQQcRI7BmSI656MYA=="
    },
    "rxjs": {
      "version": "7.5.6",
      "resolved": "https://registry.npmjs.org/rxjs/-/rxjs-7.5.6.tgz",
      "integrity": "sha512-dnyv2/YsXhnm461G+R/Pe5bWP41Nm6LBXEYWI6eiFP4fiwx6WRI/CD0zbdVAudd9xwLEF2IDcKXLHit0FYjUzw==",
      "requires": {
        "tslib": "^2.1.0"
      }
    },
    "tslib": {
      "version": "2.4.0",
      "resolved": "https://registry.npmjs.org/tslib/-/tslib-2.4.0.tgz",
      "integrity": "sha512-d6xOpEDfsi2CZVlPQzGeux8XMwLT9hssAsaPYExaQMuYskwb+x1x7J371tWlbBdWHroy99KnVB6qIkUbs5X3UQ=="
    },
    "tweetnacl": {
      "version": "1.0.3",
      "resolved": "https://registry.npmjs.org/tweetnacl/-/tweetnacl-1.0.3.tgz",
      "integrity": "sha512-6rt+RN7aOi1nGMyC4Xa5DdYiukl2UWCbcJft7YhxReBGQD7OAM8Pbxw6YMo4r2diNEA8FEmu32YOn9rhaiE5yw=="
    }
  }
}
