{
  "name": "@moonbeam-network/xcm-config",
  "version": "1.0.0",
  "lockfileVersion": 2,
  "requires": true,
  "packages": {
    "": {
      "name": "@moonbeam-network/xcm-config",
      "version": "1.0.0",
      "license": "GPL-3.0-only",
      "dependencies": {
        "@moonbeam-network/api-augment": "^0.1700.0",
        "@polkadot/types": "^8.12.2",
        "@polkadot/util": "^10.0.2",
        "@polkadot/util-crypto": "^10.0.2"
      }
    },
    "node_modules/@babel/runtime": {
      "version": "7.18.9",
      "resolved": "https://registry.npmjs.org/@babel/runtime/-/runtime-7.18.9.tgz",
      "integrity": "sha512-lkqXDcvlFT5rvEjiu6+QYO+1GXrEHRo2LOtS7E4GtX5ESIZOgepqsZBVIj6Pv+a6zqsya9VCgiK1KAK4BvJDAw==",
      "dependencies": {
        "regenerator-runtime": "^0.13.4"
      },
      "engines": {
        "node": ">=6.9.0"
      }
    },
    "node_modules/@moonbeam-network/api-augment": {
      "version": "0.1700.0",
      "resolved": "https://registry.npmjs.org/@moonbeam-network/api-augment/-/api-augment-0.1700.0.tgz",
      "integrity": "sha512-HpRVtS1HyONSrPNGh8pkjqU9TDCItF0WdX/VfYtFFXgXyUz+KFb8fEK/frU4G7ZZmskMUmCxi/ccMfH86dgMuw==",
      "engines": {
        "node": ">=14.0.0"
      }
    },
    "node_modules/@noble/hashes": {
      "version": "1.1.2",
      "resolved": "https://registry.npmjs.org/@noble/hashes/-/hashes-1.1.2.tgz",
      "integrity": "sha512-KYRCASVTv6aeUi1tsF8/vpyR7zpfs3FUzy2Jqm+MU+LmUKhQ0y2FpfwqkCcxSg2ua4GALJd8k2R76WxwZGbQpA==",
      "funding": [
        {
          "type": "individual",
          "url": "https://paulmillr.com/funding/"
        }
      ]
    },
    "node_modules/@noble/secp256k1": {
      "version": "1.6.3",
      "resolved": "https://registry.npmjs.org/@noble/secp256k1/-/secp256k1-1.6.3.tgz",
      "integrity": "sha512-T04e4iTurVy7I8Sw4+c5OSN9/RkPlo1uKxAomtxQNLq8j1uPAqnsqG1bqvY3Jv7c13gyr6dui0zmh/I3+f/JaQ==",
      "funding": [
        {
          "type": "individual",
          "url": "https://paulmillr.com/funding/"
        }
      ]
    },
    "node_modules/@polkadot/networks": {
      "version": "10.1.2",
      "resolved": "https://registry.npmjs.org/@polkadot/networks/-/networks-10.1.2.tgz",
      "integrity": "sha512-67ZPqdhLYDGNX1jMEa3+hujh9j30Dr9AdqgdjE8Z3GdWoEVRp9Zda3DXMnDIQlRBQ32pRZty7dFhIq61Bv/whQ==",
      "dependencies": {
        "@babel/runtime": "^7.18.9",
        "@polkadot/util": "10.1.2",
        "@substrate/ss58-registry": "^1.25.0"
      },
      "engines": {
        "node": ">=14.0.0"
      }
    },
    "node_modules/@polkadot/types": {
      "version": "8.14.1",
      "license": "Apache-2.0",
      "dependencies": {
        "@babel/runtime": "^7.18.9",
        "@polkadot/keyring": "^10.1.1",
        "@polkadot/types-augment": "8.14.1",
        "@polkadot/types-codec": "8.14.1",
        "@polkadot/types-create": "8.14.1",
        "@polkadot/util": "^10.1.1",
        "@polkadot/util-crypto": "^10.1.1",
        "rxjs": "^7.5.6"
      },
      "engines": {
        "node": ">=14.0.0"
      }
    },
    "node_modules/@polkadot/util": {
      "version": "10.1.2",
      "resolved": "https://registry.npmjs.org/@polkadot/util/-/util-10.1.2.tgz",
      "integrity": "sha512-gYSpJyrrw5gZWgTVu6PJ1PBUzi3GqwmaK6XRgi4deHmQRn9TEXTToGtHmleJWnaTCRW8Vvh5B5RNNV2C/+va4w==",
      "dependencies": {
        "@babel/runtime": "^7.18.9",
        "@polkadot/x-bigint": "10.1.2",
        "@polkadot/x-global": "10.1.2",
        "@polkadot/x-textdecoder": "10.1.2",
        "@polkadot/x-textencoder": "10.1.2",
        "@types/bn.js": "^5.1.0",
        "bn.js": "^5.2.1"
      },
      "engines": {
        "node": ">=14.0.0"
      }
    },
    "node_modules/@polkadot/util-crypto": {
      "version": "10.1.2",
      "resolved": "https://registry.npmjs.org/@polkadot/util-crypto/-/util-crypto-10.1.2.tgz",
      "integrity": "sha512-lSgxSLF/XkksL8St3kyw8SCLic0JvyIf8uOezQZYyjSJKT3Gl8gGu9wCAKNAmboU0FgO8cnLO9AcAEkhCHvnyw==",
      "dependencies": {
        "@babel/runtime": "^7.18.9",
        "@noble/hashes": "1.1.2",
        "@noble/secp256k1": "1.6.3",
        "@polkadot/networks": "10.1.2",
        "@polkadot/util": "10.1.2",
        "@polkadot/wasm-crypto": "^6.3.1",
        "@polkadot/x-bigint": "10.1.2",
        "@polkadot/x-randomvalues": "10.1.2",
        "@scure/base": "1.1.1",
        "ed2curve": "^0.3.0",
        "tweetnacl": "^1.0.3"
      },
      "engines": {
        "node": ">=14.0.0"
      },
      "peerDependencies": {
        "@polkadot/util": "10.1.2"
      }
    },
    "node_modules/@polkadot/wasm-bridge": {
      "version": "6.3.1",
      "resolved": "https://registry.npmjs.org/@polkadot/wasm-bridge/-/wasm-bridge-6.3.1.tgz",
      "integrity": "sha512-1TYkHsb9AEFhU9uZj3biEnN2yKQNzdrwSjiTvfCYnt97pnEkKsZI6cku+YPZQv5w/x9CQa5Yua9e2DVVZSivGA==",
      "dependencies": {
        "@babel/runtime": "^7.18.9"
      },
      "engines": {
        "node": ">=14.0.0"
      },
      "peerDependencies": {
        "@polkadot/util": "*",
        "@polkadot/x-randomvalues": "*"
      }
    },
    "node_modules/@polkadot/wasm-crypto": {
      "version": "6.3.1",
      "resolved": "https://registry.npmjs.org/@polkadot/wasm-crypto/-/wasm-crypto-6.3.1.tgz",
      "integrity": "sha512-OO8h0qeVkqp4xYZaRVl4iuWOEtq282pNBHDKb6SOJuI2g59eWGcKh4EQU9Me2VP6qzojIqptrkrVt7KQXC68gA==",
      "dependencies": {
        "@babel/runtime": "^7.18.9",
        "@polkadot/wasm-bridge": "6.3.1",
        "@polkadot/wasm-crypto-asmjs": "6.3.1",
        "@polkadot/wasm-crypto-init": "6.3.1",
        "@polkadot/wasm-crypto-wasm": "6.3.1",
        "@polkadot/wasm-util": "6.3.1"
      },
      "engines": {
        "node": ">=14.0.0"
      },
      "peerDependencies": {
        "@polkadot/util": "*",
        "@polkadot/x-randomvalues": "*"
      }
    },
    "node_modules/@polkadot/wasm-crypto-asmjs": {
      "version": "6.3.1",
      "resolved": "https://registry.npmjs.org/@polkadot/wasm-crypto-asmjs/-/wasm-crypto-asmjs-6.3.1.tgz",
      "integrity": "sha512-zbombRfA5v/mUWQQhgg2YwaxhRmxRIrvskw65x+lruax3b6xPBFDs7yplopiJU3r8h2pTgQvX/DUksvqz2TCRQ==",
      "dependencies": {
        "@babel/runtime": "^7.18.9"
      },
      "engines": {
        "node": ">=14.0.0"
      },
      "peerDependencies": {
        "@polkadot/util": "*"
      }
    },
    "node_modules/@polkadot/wasm-crypto-init": {
      "version": "6.3.1",
      "resolved": "https://registry.npmjs.org/@polkadot/wasm-crypto-init/-/wasm-crypto-init-6.3.1.tgz",
      "integrity": "sha512-9yaUBcu+snwjJLmPPGl3cyGRQ1afyFGm16qzTM0sgG/ZCfUlK4uk8KWZe+sBUKgoxb2oXY7Y4WklKgQI1YBdfw==",
      "dependencies": {
        "@babel/runtime": "^7.18.9",
        "@polkadot/wasm-bridge": "6.3.1",
        "@polkadot/wasm-crypto-asmjs": "6.3.1",
        "@polkadot/wasm-crypto-wasm": "6.3.1"
      },
      "engines": {
        "node": ">=14.0.0"
      },
      "peerDependencies": {
        "@polkadot/util": "*",
        "@polkadot/x-randomvalues": "*"
      }
    },
    "node_modules/@polkadot/wasm-crypto-wasm": {
      "version": "6.3.1",
      "resolved": "https://registry.npmjs.org/@polkadot/wasm-crypto-wasm/-/wasm-crypto-wasm-6.3.1.tgz",
      "integrity": "sha512-idSlzKGVzCfeCMRHsacRvqwojSaTadFxL/Dbls4z1thvfa3U9Ku0d2qVtlwg7Hj+tYWDiuP8Kygs+6bQwfs0XA==",
      "dependencies": {
        "@babel/runtime": "^7.18.9",
        "@polkadot/wasm-util": "6.3.1"
      },
      "engines": {
        "node": ">=14.0.0"
      },
      "peerDependencies": {
        "@polkadot/util": "*"
      }
    },
    "node_modules/@polkadot/wasm-util": {
      "version": "6.3.1",
      "resolved": "https://registry.npmjs.org/@polkadot/wasm-util/-/wasm-util-6.3.1.tgz",
      "integrity": "sha512-12oAv5J7Yoc9m6jixrSaQCxpOkWOyzHx3DMC8qmLjRiwdBWxqLmImOVRVnFsbaxqSbhBIHRuJphVxWE+GZETDg==",
      "dependencies": {
        "@babel/runtime": "^7.18.9"
      },
      "engines": {
        "node": ">=14.0.0"
      },
      "peerDependencies": {
        "@polkadot/util": "*"
      }
    },
    "node_modules/@polkadot/x-bigint": {
      "version": "10.1.2",
      "resolved": "https://registry.npmjs.org/@polkadot/x-bigint/-/x-bigint-10.1.2.tgz",
      "integrity": "sha512-TCwv3NjQdfLb7CBYR8EA5t0CrMfYx3IF4hKjctuplL+mDNI0VzNn4qVKW62AjouI8kMbn7VyBPfoBeuYX8Ixrw==",
      "dependencies": {
        "@babel/runtime": "^7.18.9",
        "@polkadot/x-global": "10.1.2"
      },
      "engines": {
        "node": ">=14.0.0"
      }
    },
    "node_modules/@polkadot/x-global": {
      "version": "10.1.2",
      "resolved": "https://registry.npmjs.org/@polkadot/x-global/-/x-global-10.1.2.tgz",
      "integrity": "sha512-//r3NVLYdYQs0So0IK8Pa0pnL5pPi0geQWE6qjTtPD0oszuN9SUDqDlFQj3I3vqQOwgybbzBGNYRRinP8B2xUg==",
      "dependencies": {
        "@babel/runtime": "^7.18.9"
      },
      "engines": {
        "node": ">=14.0.0"
      }
    },
    "node_modules/@polkadot/x-randomvalues": {
      "version": "10.1.2",
      "resolved": "https://registry.npmjs.org/@polkadot/x-randomvalues/-/x-randomvalues-10.1.2.tgz",
      "integrity": "sha512-KOu6iZWye9KD6qoahiqZ0alrT/5FSGL4XXLhVSg69xAqD6yG2oi2aKA6cZpDU19uZGqVneqsgpebDsrZ0nLUEg==",
      "dependencies": {
        "@babel/runtime": "^7.18.9",
        "@polkadot/x-global": "10.1.2"
      },
      "engines": {
        "node": ">=14.0.0"
      }
    },
    "node_modules/@polkadot/x-textdecoder": {
      "version": "10.1.2",
      "resolved": "https://registry.npmjs.org/@polkadot/x-textdecoder/-/x-textdecoder-10.1.2.tgz",
      "integrity": "sha512-liMlSSKfLGTvcUPz1fMicH2HoKLgSjzxFYsbNfXJOe9GobQfSrAOcprM0j4gNJqN5EoZhze9Sf1rMTORQwomtg==",
      "dependencies": {
        "@babel/runtime": "^7.18.9",
        "@polkadot/x-global": "10.1.2"
      },
      "engines": {
        "node": ">=14.0.0"
      }
    },
    "node_modules/@polkadot/x-textencoder": {
      "version": "10.1.2",
      "resolved": "https://registry.npmjs.org/@polkadot/x-textencoder/-/x-textencoder-10.1.2.tgz",
      "integrity": "sha512-bSMvesZ43Er6+jogt9IfwWN/E8bhkl4a9nNnpyS/vTh+j6n/DfDQrvYpKDpRIn7oJA6lfs/mL9Jo5jjJTngaxg==",
      "dependencies": {
        "@babel/runtime": "^7.18.9",
        "@polkadot/x-global": "10.1.2"
      },
      "engines": {
        "node": ">=14.0.0"
      }
    },
    "node_modules/@scure/base": {
      "version": "1.1.1",
      "resolved": "https://registry.npmjs.org/@scure/base/-/base-1.1.1.tgz",
      "integrity": "sha512-ZxOhsSyxYwLJj3pLZCefNitxsj093tb2vq90mp2txoYeBqbcjDjqFhyM8eUjq/uFm6zJ+mUuqxlS2FkuSY1MTA==",
      "funding": [
        {
          "type": "individual",
          "url": "https://paulmillr.com/funding/"
        }
      ]
    },
    "node_modules/@substrate/ss58-registry": {
      "version": "1.25.0",
      "resolved": "https://registry.npmjs.org/@substrate/ss58-registry/-/ss58-registry-1.25.0.tgz",
      "integrity": "sha512-LmCH4QJRdHaeLsLTPSgJaXguMoIW+Ig9fA9LRPpeya9HefVAJ7gZuUYinldv+QmX7evNm5CL0rspNUS8l1DvXg=="
    },
    "node_modules/@types/bn.js": {
      "version": "5.1.0",
      "resolved": "https://registry.npmjs.org/@types/bn.js/-/bn.js-5.1.0.tgz",
      "integrity": "sha512-QSSVYj7pYFN49kW77o2s9xTCwZ8F2xLbjLLSEVh8D2F4JUhZtPAGOFLTD+ffqksBx/u4cE/KImFjyhqCjn/LIA==",
      "dependencies": {
        "@types/node": "*"
      }
    },
    "node_modules/@types/node": {
      "version": "18.6.4",
      "resolved": "https://registry.npmjs.org/@types/node/-/node-18.6.4.tgz",
      "integrity": "sha512-I4BD3L+6AWiUobfxZ49DlU43gtI+FTHSv9pE2Zekg6KjMpre4ByusaljW3vYSLJrvQ1ck1hUaeVu8HVlY3vzHg=="
    },
    "node_modules/bn.js": {
      "version": "5.2.1",
      "resolved": "https://registry.npmjs.org/bn.js/-/bn.js-5.2.1.tgz",
      "integrity": "sha512-eXRvHzWyYPBuB4NBy0cmYQjGitUrtqwbvlzP3G6VFnNRbsZQIxQ10PbKKHt8gZ/HW/D/747aDl+QkDqg3KQLMQ=="
    },
    "node_modules/ed2curve": {
      "version": "0.3.0",
      "resolved": "https://registry.npmjs.org/ed2curve/-/ed2curve-0.3.0.tgz",
      "integrity": "sha512-8w2fmmq3hv9rCrcI7g9hms2pMunQr1JINfcjwR9tAyZqhtyaMN991lF/ZfHfr5tzZQ8c7y7aBgZbjfbd0fjFwQ==",
      "dependencies": {
        "tweetnacl": "1.x.x"
      }
    },
    "node_modules/regenerator-runtime": {
      "version": "0.13.9",
      "resolved": "https://registry.npmjs.org/regenerator-runtime/-/regenerator-runtime-0.13.9.tgz",
      "integrity": "sha512-p3VT+cOEgxFsRRA9X4lkI1E+k2/CtnKtU4gcxyaCUreilL/vqI6CdZ3wxVUx3UOUg+gnUOQQcRI7BmSI656MYA=="
    },
    "node_modules/tweetnacl": {
      "version": "1.0.3",
      "resolved": "https://registry.npmjs.org/tweetnacl/-/tweetnacl-1.0.3.tgz",
      "integrity": "sha512-6rt+RN7aOi1nGMyC4Xa5DdYiukl2UWCbcJft7YhxReBGQD7OAM8Pbxw6YMo4r2diNEA8FEmu32YOn9rhaiE5yw=="
    }
  },
  "dependencies": {
    "@babel/runtime": {
      "version": "7.18.9",
      "resolved": "https://registry.npmjs.org/@babel/runtime/-/runtime-7.18.9.tgz",
      "integrity": "sha512-lkqXDcvlFT5rvEjiu6+QYO+1GXrEHRo2LOtS7E4GtX5ESIZOgepqsZBVIj6Pv+a6zqsya9VCgiK1KAK4BvJDAw==",
      "requires": {
        "regenerator-runtime": "^0.13.4"
      }
    },
    "@moonbeam-network/api-augment": {
      "version": "0.1700.0",
      "resolved": "https://registry.npmjs.org/@moonbeam-network/api-augment/-/api-augment-0.1700.0.tgz",
      "integrity": "sha512-HpRVtS1HyONSrPNGh8pkjqU9TDCItF0WdX/VfYtFFXgXyUz+KFb8fEK/frU4G7ZZmskMUmCxi/ccMfH86dgMuw=="
    },
    "@noble/hashes": {
      "version": "1.1.2",
      "resolved": "https://registry.npmjs.org/@noble/hashes/-/hashes-1.1.2.tgz",
      "integrity": "sha512-KYRCASVTv6aeUi1tsF8/vpyR7zpfs3FUzy2Jqm+MU+LmUKhQ0y2FpfwqkCcxSg2ua4GALJd8k2R76WxwZGbQpA=="
    },
    "@noble/secp256k1": {
      "version": "1.6.3",
      "resolved": "https://registry.npmjs.org/@noble/secp256k1/-/secp256k1-1.6.3.tgz",
      "integrity": "sha512-T04e4iTurVy7I8Sw4+c5OSN9/RkPlo1uKxAomtxQNLq8j1uPAqnsqG1bqvY3Jv7c13gyr6dui0zmh/I3+f/JaQ=="
    },
    "@polkadot/networks": {
      "version": "10.1.2",
      "resolved": "https://registry.npmjs.org/@polkadot/networks/-/networks-10.1.2.tgz",
      "integrity": "sha512-67ZPqdhLYDGNX1jMEa3+hujh9j30Dr9AdqgdjE8Z3GdWoEVRp9Zda3DXMnDIQlRBQ32pRZty7dFhIq61Bv/whQ==",
      "requires": {
        "@babel/runtime": "^7.18.9",
        "@polkadot/util": "10.1.2",
        "@substrate/ss58-registry": "^1.25.0"
      }
    },
    "@polkadot/types": {
      "version": "8.14.1",
      "requires": {
        "@babel/runtime": "^7.18.9",
        "@polkadot/keyring": "^10.1.1",
        "@polkadot/types-augment": "8.14.1",
        "@polkadot/types-codec": "8.14.1",
        "@polkadot/types-create": "8.14.1",
        "@polkadot/util": "^10.1.1",
        "@polkadot/util-crypto": "^10.1.1",
        "rxjs": "^7.5.6"
      }
    },
    "@polkadot/util": {
      "version": "10.1.2",
      "resolved": "https://registry.npmjs.org/@polkadot/util/-/util-10.1.2.tgz",
      "integrity": "sha512-gYSpJyrrw5gZWgTVu6PJ1PBUzi3GqwmaK6XRgi4deHmQRn9TEXTToGtHmleJWnaTCRW8Vvh5B5RNNV2C/+va4w==",
      "requires": {
        "@babel/runtime": "^7.18.9",
        "@polkadot/x-bigint": "10.1.2",
        "@polkadot/x-global": "10.1.2",
        "@polkadot/x-textdecoder": "10.1.2",
        "@polkadot/x-textencoder": "10.1.2",
        "@types/bn.js": "^5.1.0",
        "bn.js": "^5.2.1"
      }
    },
    "@polkadot/util-crypto": {
      "version": "10.1.2",
      "resolved": "https://registry.npmjs.org/@polkadot/util-crypto/-/util-crypto-10.1.2.tgz",
      "integrity": "sha512-lSgxSLF/XkksL8St3kyw8SCLic0JvyIf8uOezQZYyjSJKT3Gl8gGu9wCAKNAmboU0FgO8cnLO9AcAEkhCHvnyw==",
      "requires": {
        "@babel/runtime": "^7.18.9",
        "@noble/hashes": "1.1.2",
        "@noble/secp256k1": "1.6.3",
        "@polkadot/networks": "10.1.2",
        "@polkadot/util": "10.1.2",
        "@polkadot/wasm-crypto": "^6.3.1",
        "@polkadot/x-bigint": "10.1.2",
        "@polkadot/x-randomvalues": "10.1.2",
        "@scure/base": "1.1.1",
        "ed2curve": "^0.3.0",
        "tweetnacl": "^1.0.3"
      }
    },
    "@polkadot/wasm-bridge": {
      "version": "6.3.1",
      "resolved": "https://registry.npmjs.org/@polkadot/wasm-bridge/-/wasm-bridge-6.3.1.tgz",
      "integrity": "sha512-1TYkHsb9AEFhU9uZj3biEnN2yKQNzdrwSjiTvfCYnt97pnEkKsZI6cku+YPZQv5w/x9CQa5Yua9e2DVVZSivGA==",
      "requires": {
        "@babel/runtime": "^7.18.9"
      }
    },
    "@polkadot/wasm-crypto": {
      "version": "6.3.1",
      "resolved": "https://registry.npmjs.org/@polkadot/wasm-crypto/-/wasm-crypto-6.3.1.tgz",
      "integrity": "sha512-OO8h0qeVkqp4xYZaRVl4iuWOEtq282pNBHDKb6SOJuI2g59eWGcKh4EQU9Me2VP6qzojIqptrkrVt7KQXC68gA==",
      "requires": {
        "@babel/runtime": "^7.18.9",
        "@polkadot/wasm-bridge": "6.3.1",
        "@polkadot/wasm-crypto-asmjs": "6.3.1",
        "@polkadot/wasm-crypto-init": "6.3.1",
        "@polkadot/wasm-crypto-wasm": "6.3.1",
        "@polkadot/wasm-util": "6.3.1"
      }
    },
    "@polkadot/wasm-crypto-asmjs": {
      "version": "6.3.1",
      "resolved": "https://registry.npmjs.org/@polkadot/wasm-crypto-asmjs/-/wasm-crypto-asmjs-6.3.1.tgz",
      "integrity": "sha512-zbombRfA5v/mUWQQhgg2YwaxhRmxRIrvskw65x+lruax3b6xPBFDs7yplopiJU3r8h2pTgQvX/DUksvqz2TCRQ==",
      "requires": {
        "@babel/runtime": "^7.18.9"
      }
    },
    "@polkadot/wasm-crypto-init": {
      "version": "6.3.1",
      "resolved": "https://registry.npmjs.org/@polkadot/wasm-crypto-init/-/wasm-crypto-init-6.3.1.tgz",
      "integrity": "sha512-9yaUBcu+snwjJLmPPGl3cyGRQ1afyFGm16qzTM0sgG/ZCfUlK4uk8KWZe+sBUKgoxb2oXY7Y4WklKgQI1YBdfw==",
      "requires": {
        "@babel/runtime": "^7.18.9",
        "@polkadot/wasm-bridge": "6.3.1",
        "@polkadot/wasm-crypto-asmjs": "6.3.1",
        "@polkadot/wasm-crypto-wasm": "6.3.1"
      }
    },
    "@polkadot/wasm-crypto-wasm": {
      "version": "6.3.1",
      "resolved": "https://registry.npmjs.org/@polkadot/wasm-crypto-wasm/-/wasm-crypto-wasm-6.3.1.tgz",
      "integrity": "sha512-idSlzKGVzCfeCMRHsacRvqwojSaTadFxL/Dbls4z1thvfa3U9Ku0d2qVtlwg7Hj+tYWDiuP8Kygs+6bQwfs0XA==",
      "requires": {
        "@babel/runtime": "^7.18.9",
        "@polkadot/wasm-util": "6.3.1"
      }
    },
    "@polkadot/wasm-util": {
      "version": "6.3.1",
      "resolved": "https://registry.npmjs.org/@polkadot/wasm-util/-/wasm-util-6.3.1.tgz",
      "integrity": "sha512-12oAv5J7Yoc9m6jixrSaQCxpOkWOyzHx3DMC8qmLjRiwdBWxqLmImOVRVnFsbaxqSbhBIHRuJphVxWE+GZETDg==",
      "requires": {
        "@babel/runtime": "^7.18.9"
      }
    },
    "@polkadot/x-bigint": {
      "version": "10.1.2",
      "resolved": "https://registry.npmjs.org/@polkadot/x-bigint/-/x-bigint-10.1.2.tgz",
      "integrity": "sha512-TCwv3NjQdfLb7CBYR8EA5t0CrMfYx3IF4hKjctuplL+mDNI0VzNn4qVKW62AjouI8kMbn7VyBPfoBeuYX8Ixrw==",
      "requires": {
        "@babel/runtime": "^7.18.9",
        "@polkadot/x-global": "10.1.2"
      }
    },
    "@polkadot/x-global": {
      "version": "10.1.2",
      "resolved": "https://registry.npmjs.org/@polkadot/x-global/-/x-global-10.1.2.tgz",
      "integrity": "sha512-//r3NVLYdYQs0So0IK8Pa0pnL5pPi0geQWE6qjTtPD0oszuN9SUDqDlFQj3I3vqQOwgybbzBGNYRRinP8B2xUg==",
      "requires": {
        "@babel/runtime": "^7.18.9"
      }
    },
    "@polkadot/x-randomvalues": {
      "version": "10.1.2",
      "resolved": "https://registry.npmjs.org/@polkadot/x-randomvalues/-/x-randomvalues-10.1.2.tgz",
      "integrity": "sha512-KOu6iZWye9KD6qoahiqZ0alrT/5FSGL4XXLhVSg69xAqD6yG2oi2aKA6cZpDU19uZGqVneqsgpebDsrZ0nLUEg==",
      "requires": {
        "@babel/runtime": "^7.18.9",
        "@polkadot/x-global": "10.1.2"
      }
    },
    "@polkadot/x-textdecoder": {
      "version": "10.1.2",
      "resolved": "https://registry.npmjs.org/@polkadot/x-textdecoder/-/x-textdecoder-10.1.2.tgz",
      "integrity": "sha512-liMlSSKfLGTvcUPz1fMicH2HoKLgSjzxFYsbNfXJOe9GobQfSrAOcprM0j4gNJqN5EoZhze9Sf1rMTORQwomtg==",
      "requires": {
        "@babel/runtime": "^7.18.9",
        "@polkadot/x-global": "10.1.2"
      }
    },
    "@polkadot/x-textencoder": {
      "version": "10.1.2",
      "resolved": "https://registry.npmjs.org/@polkadot/x-textencoder/-/x-textencoder-10.1.2.tgz",
      "integrity": "sha512-bSMvesZ43Er6+jogt9IfwWN/E8bhkl4a9nNnpyS/vTh+j6n/DfDQrvYpKDpRIn7oJA6lfs/mL9Jo5jjJTngaxg==",
      "requires": {
        "@babel/runtime": "^7.18.9",
        "@polkadot/x-global": "10.1.2"
      }
    },
    "@scure/base": {
      "version": "1.1.1",
      "resolved": "https://registry.npmjs.org/@scure/base/-/base-1.1.1.tgz",
      "integrity": "sha512-ZxOhsSyxYwLJj3pLZCefNitxsj093tb2vq90mp2txoYeBqbcjDjqFhyM8eUjq/uFm6zJ+mUuqxlS2FkuSY1MTA=="
    },
    "@substrate/ss58-registry": {
      "version": "1.25.0",
      "resolved": "https://registry.npmjs.org/@substrate/ss58-registry/-/ss58-registry-1.25.0.tgz",
      "integrity": "sha512-LmCH4QJRdHaeLsLTPSgJaXguMoIW+Ig9fA9LRPpeya9HefVAJ7gZuUYinldv+QmX7evNm5CL0rspNUS8l1DvXg=="
    },
    "@types/bn.js": {
      "version": "5.1.0",
      "resolved": "https://registry.npmjs.org/@types/bn.js/-/bn.js-5.1.0.tgz",
      "integrity": "sha512-QSSVYj7pYFN49kW77o2s9xTCwZ8F2xLbjLLSEVh8D2F4JUhZtPAGOFLTD+ffqksBx/u4cE/KImFjyhqCjn/LIA==",
      "requires": {
        "@types/node": "*"
      }
    },
    "@types/node": {
      "version": "18.6.4",
      "resolved": "https://registry.npmjs.org/@types/node/-/node-18.6.4.tgz",
      "integrity": "sha512-I4BD3L+6AWiUobfxZ49DlU43gtI+FTHSv9pE2Zekg6KjMpre4ByusaljW3vYSLJrvQ1ck1hUaeVu8HVlY3vzHg=="
    },
    "bn.js": {
      "version": "5.2.1",
      "resolved": "https://registry.npmjs.org/bn.js/-/bn.js-5.2.1.tgz",
      "integrity": "sha512-eXRvHzWyYPBuB4NBy0cmYQjGitUrtqwbvlzP3G6VFnNRbsZQIxQ10PbKKHt8gZ/HW/D/747aDl+QkDqg3KQLMQ=="
    },
    "ed2curve": {
      "version": "0.3.0",
      "resolved": "https://registry.npmjs.org/ed2curve/-/ed2curve-0.3.0.tgz",
      "integrity": "sha512-8w2fmmq3hv9rCrcI7g9hms2pMunQr1JINfcjwR9tAyZqhtyaMN991lF/ZfHfr5tzZQ8c7y7aBgZbjfbd0fjFwQ==",
      "requires": {
        "tweetnacl": "1.x.x"
      }
    },
    "regenerator-runtime": {
      "version": "0.13.9",
      "resolved": "https://registry.npmjs.org/regenerator-runtime/-/regenerator-runtime-0.13.9.tgz",
      "integrity": "sha512-p3VT+cOEgxFsRRA9X4lkI1E+k2/CtnKtU4gcxyaCUreilL/vqI6CdZ3wxVUx3UOUg+gnUOQQcRI7BmSI656MYA=="
    },
    "tweetnacl": {
      "version": "1.0.3",
      "resolved": "https://registry.npmjs.org/tweetnacl/-/tweetnacl-1.0.3.tgz",
      "integrity": "sha512-6rt+RN7aOi1nGMyC4Xa5DdYiukl2UWCbcJft7YhxReBGQD7OAM8Pbxw6YMo4r2diNEA8FEmu32YOn9rhaiE5yw=="
    }
  }
}
