{
  "name": "@moonbeam-network/xcm-config",
  "version": "0.0.1",
  "lockfileVersion": 2,
  "requires": true,
  "packages": {
    "": {
      "name": "@moonbeam-network/xcm-config",
      "version": "0.0.1",
      "license": "GPL-3.0-only",
      "dependencies": {
        "@moonbeam-network/api-augment": "^0.1700.0",
        "@polkadot/types": "^9.1.1",
        "@polkadot/util": "^10.1.3",
        "@polkadot/util-crypto": "^10.1.3"
      }
    },
    "node_modules/@babel/runtime": {
      "version": "7.18.9",
      "resolved": "https://registry.npmjs.org/@babel/runtime/-/runtime-7.18.9.tgz",
      "integrity": "sha512-lkqXDcvlFT5rvEjiu6+QYO+1GXrEHRo2LOtS7E4GtX5ESIZOgepqsZBVIj6Pv+a6zqsya9VCgiK1KAK4BvJDAw==",
      "dependencies": {
        "regenerator-runtime": "^0.13.4"
      },
      "engines": {
        "node": ">=6.9.0"
      }
    },
    "node_modules/@moonbeam-network/api-augment": {
      "version": "0.1700.0",
      "resolved": "https://registry.npmjs.org/@moonbeam-network/api-augment/-/api-augment-0.1700.0.tgz",
      "integrity": "sha512-HpRVtS1HyONSrPNGh8pkjqU9TDCItF0WdX/VfYtFFXgXyUz+KFb8fEK/frU4G7ZZmskMUmCxi/ccMfH86dgMuw==",
      "engines": {
        "node": ">=14.0.0"
      }
    },
    "node_modules/@noble/hashes": {
      "version": "1.1.2",
      "resolved": "https://registry.npmjs.org/@noble/hashes/-/hashes-1.1.2.tgz",
      "integrity": "sha512-KYRCASVTv6aeUi1tsF8/vpyR7zpfs3FUzy2Jqm+MU+LmUKhQ0y2FpfwqkCcxSg2ua4GALJd8k2R76WxwZGbQpA==",
      "funding": [
        {
          "type": "individual",
          "url": "https://paulmillr.com/funding/"
        }
      ]
    },
    "node_modules/@noble/secp256k1": {
      "version": "1.6.3",
      "resolved": "https://registry.npmjs.org/@noble/secp256k1/-/secp256k1-1.6.3.tgz",
      "integrity": "sha512-T04e4iTurVy7I8Sw4+c5OSN9/RkPlo1uKxAomtxQNLq8j1uPAqnsqG1bqvY3Jv7c13gyr6dui0zmh/I3+f/JaQ==",
      "funding": [
        {
          "type": "individual",
          "url": "https://paulmillr.com/funding/"
        }
      ]
    },
    "node_modules/@polkadot/keyring": {
      "version": "10.1.3",
      "resolved": "https://registry.npmjs.org/@polkadot/keyring/-/keyring-10.1.3.tgz",
      "integrity": "sha512-juJLb+ovO2HHXSSNn4pBO8Gahz60vB1vk3pRHXjrt5elXEL5LxzaqygjB7oFmow68RChCPoRhw79U7G3Z6KhRw==",
      "dependencies": {
        "@babel/runtime": "^7.18.9",
        "@polkadot/util": "10.1.3",
        "@polkadot/util-crypto": "10.1.3"
      },
      "engines": {
        "node": ">=14.0.0"
      },
      "peerDependencies": {
        "@polkadot/util": "10.1.3",
        "@polkadot/util-crypto": "10.1.3"
      }
    },
    "node_modules/@polkadot/networks": {
      "version": "10.1.3",
      "resolved": "https://registry.npmjs.org/@polkadot/networks/-/networks-10.1.3.tgz",
      "integrity": "sha512-ibHdnJ+w9iKYUjRF7W20yiC/bgJ7l3Dw93LeuDG8J16Z8IQhqwlNxeIZcwrsf7+UN2n1cwpiSaJj+Fwlw0wmZQ==",
      "dependencies": {
        "@babel/runtime": "^7.18.9",
        "@polkadot/util": "10.1.3",
        "@substrate/ss58-registry": "^1.25.0"
      },
      "engines": {
        "node": ">=14.0.0"
      }
    },
    "node_modules/@polkadot/types": {
      "version": "9.1.1",
      "resolved": "https://registry.npmjs.org/@polkadot/types/-/types-9.1.1.tgz",
      "integrity": "sha512-hEA8Pnc6ipHKUHxMS0gtjpYuus5y+yzE+t14VnSfRiqDtug3lj8SfAuaKpMuWytsJzwuP8GvzdsOHgu8zu0gzg==",
      "dependencies": {
        "@babel/runtime": "^7.18.9",
        "@polkadot/keyring": "^10.1.3",
        "@polkadot/types-augment": "9.1.1",
        "@polkadot/types-codec": "9.1.1",
        "@polkadot/types-create": "9.1.1",
        "@polkadot/util": "^10.1.3",
        "@polkadot/util-crypto": "^10.1.3",
        "rxjs": "^7.5.6"
      },
      "engines": {
        "node": ">=14.0.0"
      }
    },
    "node_modules/@polkadot/types-augment": {
      "version": "9.1.1",
      "resolved": "https://registry.npmjs.org/@polkadot/types-augment/-/types-augment-9.1.1.tgz",
      "integrity": "sha512-Q5Ga0HORVehRhpeZEO6rckAPYpgUOp7Bu1qFH+eUbwOq3rQRlvYJJCUnBUsaHHNh1t7pUqmwMTEeCH90wrkH5g==",
      "dependencies": {
        "@babel/runtime": "^7.18.9",
        "@polkadot/types": "9.1.1",
        "@polkadot/types-codec": "9.1.1",
        "@polkadot/util": "^10.1.3"
      },
      "engines": {
        "node": ">=14.0.0"
      }
    },
    "node_modules/@polkadot/types-codec": {
      "version": "9.1.1",
      "resolved": "https://registry.npmjs.org/@polkadot/types-codec/-/types-codec-9.1.1.tgz",
      "integrity": "sha512-dxNGtdY8ENvfqMp72cUV2ddjbHdEPfBSNYkWW160FX8X1zm9NREuM7TpVimNNfZ5K16wsTLDSMvYp59VcGjkQQ==",
      "dependencies": {
        "@babel/runtime": "^7.18.9",
        "@polkadot/util": "^10.1.3",
        "@polkadot/x-bigint": "^10.1.3"
      },
      "engines": {
        "node": ">=14.0.0"
      }
    },
    "node_modules/@polkadot/types-create": {
      "version": "9.1.1",
      "resolved": "https://registry.npmjs.org/@polkadot/types-create/-/types-create-9.1.1.tgz",
      "integrity": "sha512-V8A/JQFU0ryz0KZqW0LAhW1fbtI5OvwZf5P9Q0iz2qansyyZkKQkMacDdV63g1XfphR2Nv/BhrHbZXgoNbTuhw==",
      "dependencies": {
        "@babel/runtime": "^7.18.9",
        "@polkadot/types-codec": "9.1.1",
        "@polkadot/util": "^10.1.3"
      },
      "engines": {
        "node": ">=14.0.0"
      }
    },
    "node_modules/@polkadot/util": {
      "version": "10.1.3",
      "resolved": "https://registry.npmjs.org/@polkadot/util/-/util-10.1.3.tgz",
      "integrity": "sha512-/uHeY453O5jThalqVmo19FDt312SiHBPOzeIDlqFud9jniXilm5dCWEZ4yY3fjR5xGqxsy8wG8W5pgITvtyexg==",
      "dependencies": {
        "@babel/runtime": "^7.18.9",
        "@polkadot/x-bigint": "10.1.3",
        "@polkadot/x-global": "10.1.3",
        "@polkadot/x-textdecoder": "10.1.3",
        "@polkadot/x-textencoder": "10.1.3",
        "@types/bn.js": "^5.1.0",
        "bn.js": "^5.2.1"
      },
      "engines": {
        "node": ">=14.0.0"
      }
    },
    "node_modules/@polkadot/util-crypto": {
      "version": "10.1.3",
      "resolved": "https://registry.npmjs.org/@polkadot/util-crypto/-/util-crypto-10.1.3.tgz",
      "integrity": "sha512-fh16MfsijRhntiXoUj3uXbaI4WE/BAqmswDXTSdxkTQpj4LpM8jdWM/OdWdep5VJ/YYe4bYPCsJw40Qo50mACA==",
      "dependencies": {
        "@babel/runtime": "^7.18.9",
        "@noble/hashes": "1.1.2",
        "@noble/secp256k1": "1.6.3",
        "@polkadot/networks": "10.1.3",
        "@polkadot/util": "10.1.3",
        "@polkadot/wasm-crypto": "^6.3.1",
        "@polkadot/x-bigint": "10.1.3",
        "@polkadot/x-randomvalues": "10.1.3",
        "@scure/base": "1.1.1",
        "ed2curve": "^0.3.0",
        "tweetnacl": "^1.0.3"
      },
      "engines": {
        "node": ">=14.0.0"
      },
      "peerDependencies": {
        "@polkadot/util": "10.1.3"
      }
    },
    "node_modules/@polkadot/wasm-bridge": {
      "version": "6.3.1",
      "resolved": "https://registry.npmjs.org/@polkadot/wasm-bridge/-/wasm-bridge-6.3.1.tgz",
      "integrity": "sha512-1TYkHsb9AEFhU9uZj3biEnN2yKQNzdrwSjiTvfCYnt97pnEkKsZI6cku+YPZQv5w/x9CQa5Yua9e2DVVZSivGA==",
      "dependencies": {
        "@babel/runtime": "^7.18.9"
      },
      "engines": {
        "node": ">=14.0.0"
      },
      "peerDependencies": {
        "@polkadot/util": "*",
        "@polkadot/x-randomvalues": "*"
      }
    },
    "node_modules/@polkadot/wasm-crypto": {
      "version": "6.3.1",
      "resolved": "https://registry.npmjs.org/@polkadot/wasm-crypto/-/wasm-crypto-6.3.1.tgz",
      "integrity": "sha512-OO8h0qeVkqp4xYZaRVl4iuWOEtq282pNBHDKb6SOJuI2g59eWGcKh4EQU9Me2VP6qzojIqptrkrVt7KQXC68gA==",
      "dependencies": {
        "@babel/runtime": "^7.18.9",
        "@polkadot/wasm-bridge": "6.3.1",
        "@polkadot/wasm-crypto-asmjs": "6.3.1",
        "@polkadot/wasm-crypto-init": "6.3.1",
        "@polkadot/wasm-crypto-wasm": "6.3.1",
        "@polkadot/wasm-util": "6.3.1"
      },
      "engines": {
        "node": ">=14.0.0"
      },
      "peerDependencies": {
        "@polkadot/util": "*",
        "@polkadot/x-randomvalues": "*"
      }
    },
    "node_modules/@polkadot/wasm-crypto-asmjs": {
      "version": "6.3.1",
      "resolved": "https://registry.npmjs.org/@polkadot/wasm-crypto-asmjs/-/wasm-crypto-asmjs-6.3.1.tgz",
      "integrity": "sha512-zbombRfA5v/mUWQQhgg2YwaxhRmxRIrvskw65x+lruax3b6xPBFDs7yplopiJU3r8h2pTgQvX/DUksvqz2TCRQ==",
      "dependencies": {
        "@babel/runtime": "^7.18.9"
      },
      "engines": {
        "node": ">=14.0.0"
      },
      "peerDependencies": {
        "@polkadot/util": "*"
      }
    },
    "node_modules/@polkadot/wasm-crypto-init": {
      "version": "6.3.1",
      "resolved": "https://registry.npmjs.org/@polkadot/wasm-crypto-init/-/wasm-crypto-init-6.3.1.tgz",
      "integrity": "sha512-9yaUBcu+snwjJLmPPGl3cyGRQ1afyFGm16qzTM0sgG/ZCfUlK4uk8KWZe+sBUKgoxb2oXY7Y4WklKgQI1YBdfw==",
      "dependencies": {
        "@babel/runtime": "^7.18.9",
        "@polkadot/wasm-bridge": "6.3.1",
        "@polkadot/wasm-crypto-asmjs": "6.3.1",
        "@polkadot/wasm-crypto-wasm": "6.3.1"
      },
      "engines": {
        "node": ">=14.0.0"
      },
      "peerDependencies": {
        "@polkadot/util": "*",
        "@polkadot/x-randomvalues": "*"
      }
    },
    "node_modules/@polkadot/wasm-crypto-wasm": {
      "version": "6.3.1",
      "resolved": "https://registry.npmjs.org/@polkadot/wasm-crypto-wasm/-/wasm-crypto-wasm-6.3.1.tgz",
      "integrity": "sha512-idSlzKGVzCfeCMRHsacRvqwojSaTadFxL/Dbls4z1thvfa3U9Ku0d2qVtlwg7Hj+tYWDiuP8Kygs+6bQwfs0XA==",
      "dependencies": {
        "@babel/runtime": "^7.18.9",
        "@polkadot/wasm-util": "6.3.1"
      },
      "engines": {
        "node": ">=14.0.0"
      },
      "peerDependencies": {
        "@polkadot/util": "*"
      }
    },
    "node_modules/@polkadot/wasm-util": {
      "version": "6.3.1",
      "resolved": "https://registry.npmjs.org/@polkadot/wasm-util/-/wasm-util-6.3.1.tgz",
      "integrity": "sha512-12oAv5J7Yoc9m6jixrSaQCxpOkWOyzHx3DMC8qmLjRiwdBWxqLmImOVRVnFsbaxqSbhBIHRuJphVxWE+GZETDg==",
      "dependencies": {
        "@babel/runtime": "^7.18.9"
      },
      "engines": {
        "node": ">=14.0.0"
      },
      "peerDependencies": {
        "@polkadot/util": "*"
      }
    },
    "node_modules/@polkadot/x-bigint": {
      "version": "10.1.3",
      "resolved": "https://registry.npmjs.org/@polkadot/x-bigint/-/x-bigint-10.1.3.tgz",
      "integrity": "sha512-OVZhi44i/ry5cuKX+6WeMtn+SegisivKQfbE5XyZ9X0Cz+hmX4cbkhqmmSuFq3eWFfgDvZ3u3VjZoWbx/790Bg==",
      "dependencies": {
        "@babel/runtime": "^7.18.9",
        "@polkadot/x-global": "10.1.3"
      },
      "engines": {
        "node": ">=14.0.0"
      }
    },
    "node_modules/@polkadot/x-global": {
      "version": "10.1.3",
      "resolved": "https://registry.npmjs.org/@polkadot/x-global/-/x-global-10.1.3.tgz",
      "integrity": "sha512-+ff9n1ceyL/qOL0Tjxnw5c7U/b6wtUjzWSWlEWHr5ZHQfVqnkntsObgvkcL8+oXZAwNDf54Dz+LVOWlSkn4Dwg==",
      "dependencies": {
        "@babel/runtime": "^7.18.9"
      },
      "engines": {
        "node": ">=14.0.0"
      }
    },
    "node_modules/@polkadot/x-randomvalues": {
      "version": "10.1.3",
      "resolved": "https://registry.npmjs.org/@polkadot/x-randomvalues/-/x-randomvalues-10.1.3.tgz",
      "integrity": "sha512-3AeYOWSXNVQdUQz/kIJyY3FGLZHoCB6hexMXoeJUw7gn3j3ifzsBW1gBHU10JyGQlMPtMD+UMJBxip1axsWVGw==",
      "dependencies": {
        "@babel/runtime": "^7.18.9",
        "@polkadot/x-global": "10.1.3"
      },
      "engines": {
        "node": ">=14.0.0"
      }
    },
    "node_modules/@polkadot/x-textdecoder": {
      "version": "10.1.3",
      "resolved": "https://registry.npmjs.org/@polkadot/x-textdecoder/-/x-textdecoder-10.1.3.tgz",
      "integrity": "sha512-/aD6vSl7jebBCuE5TYAfM+lxNDz7194Pg0Pi2WgaKg4M+lVZTFi8oNvx3POdGfqEVjct1x5YOijCKe5qddZpZw==",
      "dependencies": {
        "@babel/runtime": "^7.18.9",
        "@polkadot/x-global": "10.1.3"
      },
      "engines": {
        "node": ">=14.0.0"
      }
    },
    "node_modules/@polkadot/x-textencoder": {
      "version": "10.1.3",
      "resolved": "https://registry.npmjs.org/@polkadot/x-textencoder/-/x-textencoder-10.1.3.tgz",
      "integrity": "sha512-n2azXXs41pjLWw19UI4QExbWsp7/jq8b76Q30g++yYerw0UW/uYuc899QVCt+iPkOCKwEApd/iR32hmuMLM5+A==",
      "dependencies": {
        "@babel/runtime": "^7.18.9",
        "@polkadot/x-global": "10.1.3"
      },
      "engines": {
        "node": ">=14.0.0"
      }
    },
    "node_modules/@scure/base": {
      "version": "1.1.1",
      "resolved": "https://registry.npmjs.org/@scure/base/-/base-1.1.1.tgz",
      "integrity": "sha512-ZxOhsSyxYwLJj3pLZCefNitxsj093tb2vq90mp2txoYeBqbcjDjqFhyM8eUjq/uFm6zJ+mUuqxlS2FkuSY1MTA==",
      "funding": [
        {
          "type": "individual",
          "url": "https://paulmillr.com/funding/"
        }
      ]
    },
    "node_modules/@substrate/ss58-registry": {
      "version": "1.25.0",
      "resolved": "https://registry.npmjs.org/@substrate/ss58-registry/-/ss58-registry-1.25.0.tgz",
      "integrity": "sha512-LmCH4QJRdHaeLsLTPSgJaXguMoIW+Ig9fA9LRPpeya9HefVAJ7gZuUYinldv+QmX7evNm5CL0rspNUS8l1DvXg=="
    },
    "node_modules/@types/bn.js": {
      "version": "5.1.0",
      "resolved": "https://registry.npmjs.org/@types/bn.js/-/bn.js-5.1.0.tgz",
      "integrity": "sha512-QSSVYj7pYFN49kW77o2s9xTCwZ8F2xLbjLLSEVh8D2F4JUhZtPAGOFLTD+ffqksBx/u4cE/KImFjyhqCjn/LIA==",
      "dependencies": {
        "@types/node": "*"
      }
    },
    "node_modules/@types/node": {
      "version": "18.6.4",
      "resolved": "https://registry.npmjs.org/@types/node/-/node-18.6.4.tgz",
      "integrity": "sha512-I4BD3L+6AWiUobfxZ49DlU43gtI+FTHSv9pE2Zekg6KjMpre4ByusaljW3vYSLJrvQ1ck1hUaeVu8HVlY3vzHg=="
    },
    "node_modules/bn.js": {
      "version": "5.2.1",
      "resolved": "https://registry.npmjs.org/bn.js/-/bn.js-5.2.1.tgz",
      "integrity": "sha512-eXRvHzWyYPBuB4NBy0cmYQjGitUrtqwbvlzP3G6VFnNRbsZQIxQ10PbKKHt8gZ/HW/D/747aDl+QkDqg3KQLMQ=="
    },
    "node_modules/ed2curve": {
      "version": "0.3.0",
      "resolved": "https://registry.npmjs.org/ed2curve/-/ed2curve-0.3.0.tgz",
      "integrity": "sha512-8w2fmmq3hv9rCrcI7g9hms2pMunQr1JINfcjwR9tAyZqhtyaMN991lF/ZfHfr5tzZQ8c7y7aBgZbjfbd0fjFwQ==",
      "dependencies": {
        "tweetnacl": "1.x.x"
      }
    },
    "node_modules/regenerator-runtime": {
      "version": "0.13.9",
      "resolved": "https://registry.npmjs.org/regenerator-runtime/-/regenerator-runtime-0.13.9.tgz",
      "integrity": "sha512-p3VT+cOEgxFsRRA9X4lkI1E+k2/CtnKtU4gcxyaCUreilL/vqI6CdZ3wxVUx3UOUg+gnUOQQcRI7BmSI656MYA=="
    },
    "node_modules/rxjs": {
      "version": "7.5.6",
      "resolved": "https://registry.npmjs.org/rxjs/-/rxjs-7.5.6.tgz",
      "integrity": "sha512-dnyv2/YsXhnm461G+R/Pe5bWP41Nm6LBXEYWI6eiFP4fiwx6WRI/CD0zbdVAudd9xwLEF2IDcKXLHit0FYjUzw==",
      "dependencies": {
        "tslib": "^2.1.0"
      }
    },
    "node_modules/tslib": {
      "version": "2.4.0",
      "resolved": "https://registry.npmjs.org/tslib/-/tslib-2.4.0.tgz",
      "integrity": "sha512-d6xOpEDfsi2CZVlPQzGeux8XMwLT9hssAsaPYExaQMuYskwb+x1x7J371tWlbBdWHroy99KnVB6qIkUbs5X3UQ=="
    },
    "node_modules/tweetnacl": {
      "version": "1.0.3",
      "resolved": "https://registry.npmjs.org/tweetnacl/-/tweetnacl-1.0.3.tgz",
      "integrity": "sha512-6rt+RN7aOi1nGMyC4Xa5DdYiukl2UWCbcJft7YhxReBGQD7OAM8Pbxw6YMo4r2diNEA8FEmu32YOn9rhaiE5yw=="
    }
  },
  "dependencies": {
    "@babel/runtime": {
      "version": "7.18.9",
      "resolved": "https://registry.npmjs.org/@babel/runtime/-/runtime-7.18.9.tgz",
      "integrity": "sha512-lkqXDcvlFT5rvEjiu6+QYO+1GXrEHRo2LOtS7E4GtX5ESIZOgepqsZBVIj6Pv+a6zqsya9VCgiK1KAK4BvJDAw==",
      "requires": {
        "regenerator-runtime": "^0.13.4"
      }
    },
    "@moonbeam-network/api-augment": {
      "version": "0.1700.0",
      "resolved": "https://registry.npmjs.org/@moonbeam-network/api-augment/-/api-augment-0.1700.0.tgz",
      "integrity": "sha512-HpRVtS1HyONSrPNGh8pkjqU9TDCItF0WdX/VfYtFFXgXyUz+KFb8fEK/frU4G7ZZmskMUmCxi/ccMfH86dgMuw=="
    },
    "@noble/hashes": {
      "version": "1.1.2",
      "resolved": "https://registry.npmjs.org/@noble/hashes/-/hashes-1.1.2.tgz",
      "integrity": "sha512-KYRCASVTv6aeUi1tsF8/vpyR7zpfs3FUzy2Jqm+MU+LmUKhQ0y2FpfwqkCcxSg2ua4GALJd8k2R76WxwZGbQpA=="
    },
    "@noble/secp256k1": {
      "version": "1.6.3",
      "resolved": "https://registry.npmjs.org/@noble/secp256k1/-/secp256k1-1.6.3.tgz",
      "integrity": "sha512-T04e4iTurVy7I8Sw4+c5OSN9/RkPlo1uKxAomtxQNLq8j1uPAqnsqG1bqvY3Jv7c13gyr6dui0zmh/I3+f/JaQ=="
    },
    "@polkadot/keyring": {
      "version": "10.1.3",
      "resolved": "https://registry.npmjs.org/@polkadot/keyring/-/keyring-10.1.3.tgz",
      "integrity": "sha512-juJLb+ovO2HHXSSNn4pBO8Gahz60vB1vk3pRHXjrt5elXEL5LxzaqygjB7oFmow68RChCPoRhw79U7G3Z6KhRw==",
      "requires": {
        "@babel/runtime": "^7.18.9",
        "@polkadot/util": "10.1.3",
        "@polkadot/util-crypto": "10.1.3"
      }
    },
    "@polkadot/networks": {
      "version": "10.1.3",
      "resolved": "https://registry.npmjs.org/@polkadot/networks/-/networks-10.1.3.tgz",
      "integrity": "sha512-ibHdnJ+w9iKYUjRF7W20yiC/bgJ7l3Dw93LeuDG8J16Z8IQhqwlNxeIZcwrsf7+UN2n1cwpiSaJj+Fwlw0wmZQ==",
      "requires": {
        "@babel/runtime": "^7.18.9",
        "@polkadot/util": "10.1.3",
        "@substrate/ss58-registry": "^1.25.0"
      }
    },
    "@polkadot/types": {
      "version": "9.1.1",
      "resolved": "https://registry.npmjs.org/@polkadot/types/-/types-9.1.1.tgz",
      "integrity": "sha512-hEA8Pnc6ipHKUHxMS0gtjpYuus5y+yzE+t14VnSfRiqDtug3lj8SfAuaKpMuWytsJzwuP8GvzdsOHgu8zu0gzg==",
      "requires": {
        "@babel/runtime": "^7.18.9",
        "@polkadot/keyring": "^10.1.3",
        "@polkadot/types-augment": "9.1.1",
        "@polkadot/types-codec": "9.1.1",
        "@polkadot/types-create": "9.1.1",
        "@polkadot/util": "^10.1.3",
        "@polkadot/util-crypto": "^10.1.3",
        "rxjs": "^7.5.6"
      }
    },
    "@polkadot/types-augment": {
      "version": "9.1.1",
      "resolved": "https://registry.npmjs.org/@polkadot/types-augment/-/types-augment-9.1.1.tgz",
      "integrity": "sha512-Q5Ga0HORVehRhpeZEO6rckAPYpgUOp7Bu1qFH+eUbwOq3rQRlvYJJCUnBUsaHHNh1t7pUqmwMTEeCH90wrkH5g==",
      "requires": {
        "@babel/runtime": "^7.18.9",
        "@polkadot/types": "9.1.1",
        "@polkadot/types-codec": "9.1.1",
        "@polkadot/util": "^10.1.3"
      }
    },
    "@polkadot/types-codec": {
      "version": "9.1.1",
      "resolved": "https://registry.npmjs.org/@polkadot/types-codec/-/types-codec-9.1.1.tgz",
      "integrity": "sha512-dxNGtdY8ENvfqMp72cUV2ddjbHdEPfBSNYkWW160FX8X1zm9NREuM7TpVimNNfZ5K16wsTLDSMvYp59VcGjkQQ==",
      "requires": {
        "@babel/runtime": "^7.18.9",
        "@polkadot/util": "^10.1.3",
        "@polkadot/x-bigint": "^10.1.3"
      }
    },
    "@polkadot/types-create": {
      "version": "9.1.1",
      "resolved": "https://registry.npmjs.org/@polkadot/types-create/-/types-create-9.1.1.tgz",
      "integrity": "sha512-V8A/JQFU0ryz0KZqW0LAhW1fbtI5OvwZf5P9Q0iz2qansyyZkKQkMacDdV63g1XfphR2Nv/BhrHbZXgoNbTuhw==",
      "requires": {
        "@babel/runtime": "^7.18.9",
        "@polkadot/types-codec": "9.1.1",
        "@polkadot/util": "^10.1.3"
      }
    },
    "@polkadot/util": {
      "version": "10.1.3",
      "resolved": "https://registry.npmjs.org/@polkadot/util/-/util-10.1.3.tgz",
      "integrity": "sha512-/uHeY453O5jThalqVmo19FDt312SiHBPOzeIDlqFud9jniXilm5dCWEZ4yY3fjR5xGqxsy8wG8W5pgITvtyexg==",
      "requires": {
        "@babel/runtime": "^7.18.9",
        "@polkadot/x-bigint": "10.1.3",
        "@polkadot/x-global": "10.1.3",
        "@polkadot/x-textdecoder": "10.1.3",
        "@polkadot/x-textencoder": "10.1.3",
        "@types/bn.js": "^5.1.0",
        "bn.js": "^5.2.1"
      }
    },
    "@polkadot/util-crypto": {
      "version": "10.1.3",
      "resolved": "https://registry.npmjs.org/@polkadot/util-crypto/-/util-crypto-10.1.3.tgz",
      "integrity": "sha512-fh16MfsijRhntiXoUj3uXbaI4WE/BAqmswDXTSdxkTQpj4LpM8jdWM/OdWdep5VJ/YYe4bYPCsJw40Qo50mACA==",
      "requires": {
        "@babel/runtime": "^7.18.9",
        "@noble/hashes": "1.1.2",
        "@noble/secp256k1": "1.6.3",
        "@polkadot/networks": "10.1.3",
        "@polkadot/util": "10.1.3",
        "@polkadot/wasm-crypto": "^6.3.1",
        "@polkadot/x-bigint": "10.1.3",
        "@polkadot/x-randomvalues": "10.1.3",
        "@scure/base": "1.1.1",
        "ed2curve": "^0.3.0",
        "tweetnacl": "^1.0.3"
      }
    },
    "@polkadot/wasm-bridge": {
      "version": "6.3.1",
      "resolved": "https://registry.npmjs.org/@polkadot/wasm-bridge/-/wasm-bridge-6.3.1.tgz",
      "integrity": "sha512-1TYkHsb9AEFhU9uZj3biEnN2yKQNzdrwSjiTvfCYnt97pnEkKsZI6cku+YPZQv5w/x9CQa5Yua9e2DVVZSivGA==",
      "requires": {
        "@babel/runtime": "^7.18.9"
      }
    },
    "@polkadot/wasm-crypto": {
      "version": "6.3.1",
      "resolved": "https://registry.npmjs.org/@polkadot/wasm-crypto/-/wasm-crypto-6.3.1.tgz",
      "integrity": "sha512-OO8h0qeVkqp4xYZaRVl4iuWOEtq282pNBHDKb6SOJuI2g59eWGcKh4EQU9Me2VP6qzojIqptrkrVt7KQXC68gA==",
      "requires": {
        "@babel/runtime": "^7.18.9",
        "@polkadot/wasm-bridge": "6.3.1",
        "@polkadot/wasm-crypto-asmjs": "6.3.1",
        "@polkadot/wasm-crypto-init": "6.3.1",
        "@polkadot/wasm-crypto-wasm": "6.3.1",
        "@polkadot/wasm-util": "6.3.1"
      }
    },
    "@polkadot/wasm-crypto-asmjs": {
      "version": "6.3.1",
      "resolved": "https://registry.npmjs.org/@polkadot/wasm-crypto-asmjs/-/wasm-crypto-asmjs-6.3.1.tgz",
      "integrity": "sha512-zbombRfA5v/mUWQQhgg2YwaxhRmxRIrvskw65x+lruax3b6xPBFDs7yplopiJU3r8h2pTgQvX/DUksvqz2TCRQ==",
      "requires": {
        "@babel/runtime": "^7.18.9"
      }
    },
    "@polkadot/wasm-crypto-init": {
      "version": "6.3.1",
      "resolved": "https://registry.npmjs.org/@polkadot/wasm-crypto-init/-/wasm-crypto-init-6.3.1.tgz",
      "integrity": "sha512-9yaUBcu+snwjJLmPPGl3cyGRQ1afyFGm16qzTM0sgG/ZCfUlK4uk8KWZe+sBUKgoxb2oXY7Y4WklKgQI1YBdfw==",
      "requires": {
        "@babel/runtime": "^7.18.9",
        "@polkadot/wasm-bridge": "6.3.1",
        "@polkadot/wasm-crypto-asmjs": "6.3.1",
        "@polkadot/wasm-crypto-wasm": "6.3.1"
      }
    },
    "@polkadot/wasm-crypto-wasm": {
      "version": "6.3.1",
      "resolved": "https://registry.npmjs.org/@polkadot/wasm-crypto-wasm/-/wasm-crypto-wasm-6.3.1.tgz",
      "integrity": "sha512-idSlzKGVzCfeCMRHsacRvqwojSaTadFxL/Dbls4z1thvfa3U9Ku0d2qVtlwg7Hj+tYWDiuP8Kygs+6bQwfs0XA==",
      "requires": {
        "@babel/runtime": "^7.18.9",
        "@polkadot/wasm-util": "6.3.1"
      }
    },
    "@polkadot/wasm-util": {
      "version": "6.3.1",
      "resolved": "https://registry.npmjs.org/@polkadot/wasm-util/-/wasm-util-6.3.1.tgz",
      "integrity": "sha512-12oAv5J7Yoc9m6jixrSaQCxpOkWOyzHx3DMC8qmLjRiwdBWxqLmImOVRVnFsbaxqSbhBIHRuJphVxWE+GZETDg==",
      "requires": {
        "@babel/runtime": "^7.18.9"
      }
    },
    "@polkadot/x-bigint": {
      "version": "10.1.3",
      "resolved": "https://registry.npmjs.org/@polkadot/x-bigint/-/x-bigint-10.1.3.tgz",
      "integrity": "sha512-OVZhi44i/ry5cuKX+6WeMtn+SegisivKQfbE5XyZ9X0Cz+hmX4cbkhqmmSuFq3eWFfgDvZ3u3VjZoWbx/790Bg==",
      "requires": {
        "@babel/runtime": "^7.18.9",
        "@polkadot/x-global": "10.1.3"
      }
    },
    "@polkadot/x-global": {
      "version": "10.1.3",
      "resolved": "https://registry.npmjs.org/@polkadot/x-global/-/x-global-10.1.3.tgz",
      "integrity": "sha512-+ff9n1ceyL/qOL0Tjxnw5c7U/b6wtUjzWSWlEWHr5ZHQfVqnkntsObgvkcL8+oXZAwNDf54Dz+LVOWlSkn4Dwg==",
      "requires": {
        "@babel/runtime": "^7.18.9"
      }
    },
    "@polkadot/x-randomvalues": {
      "version": "10.1.3",
      "resolved": "https://registry.npmjs.org/@polkadot/x-randomvalues/-/x-randomvalues-10.1.3.tgz",
      "integrity": "sha512-3AeYOWSXNVQdUQz/kIJyY3FGLZHoCB6hexMXoeJUw7gn3j3ifzsBW1gBHU10JyGQlMPtMD+UMJBxip1axsWVGw==",
      "requires": {
        "@babel/runtime": "^7.18.9",
        "@polkadot/x-global": "10.1.3"
      }
    },
    "@polkadot/x-textdecoder": {
      "version": "10.1.3",
      "resolved": "https://registry.npmjs.org/@polkadot/x-textdecoder/-/x-textdecoder-10.1.3.tgz",
      "integrity": "sha512-/aD6vSl7jebBCuE5TYAfM+lxNDz7194Pg0Pi2WgaKg4M+lVZTFi8oNvx3POdGfqEVjct1x5YOijCKe5qddZpZw==",
      "requires": {
        "@babel/runtime": "^7.18.9",
        "@polkadot/x-global": "10.1.3"
      }
    },
    "@polkadot/x-textencoder": {
      "version": "10.1.3",
      "resolved": "https://registry.npmjs.org/@polkadot/x-textencoder/-/x-textencoder-10.1.3.tgz",
      "integrity": "sha512-n2azXXs41pjLWw19UI4QExbWsp7/jq8b76Q30g++yYerw0UW/uYuc899QVCt+iPkOCKwEApd/iR32hmuMLM5+A==",
      "requires": {
        "@babel/runtime": "^7.18.9",
        "@polkadot/x-global": "10.1.3"
      }
    },
    "@scure/base": {
      "version": "1.1.1",
      "resolved": "https://registry.npmjs.org/@scure/base/-/base-1.1.1.tgz",
      "integrity": "sha512-ZxOhsSyxYwLJj3pLZCefNitxsj093tb2vq90mp2txoYeBqbcjDjqFhyM8eUjq/uFm6zJ+mUuqxlS2FkuSY1MTA=="
    },
    "@substrate/ss58-registry": {
      "version": "1.25.0",
      "resolved": "https://registry.npmjs.org/@substrate/ss58-registry/-/ss58-registry-1.25.0.tgz",
      "integrity": "sha512-LmCH4QJRdHaeLsLTPSgJaXguMoIW+Ig9fA9LRPpeya9HefVAJ7gZuUYinldv+QmX7evNm5CL0rspNUS8l1DvXg=="
    },
    "@types/bn.js": {
      "version": "5.1.0",
      "resolved": "https://registry.npmjs.org/@types/bn.js/-/bn.js-5.1.0.tgz",
      "integrity": "sha512-QSSVYj7pYFN49kW77o2s9xTCwZ8F2xLbjLLSEVh8D2F4JUhZtPAGOFLTD+ffqksBx/u4cE/KImFjyhqCjn/LIA==",
      "requires": {
        "@types/node": "*"
      }
    },
    "@types/node": {
      "version": "18.6.4",
      "resolved": "https://registry.npmjs.org/@types/node/-/node-18.6.4.tgz",
      "integrity": "sha512-I4BD3L+6AWiUobfxZ49DlU43gtI+FTHSv9pE2Zekg6KjMpre4ByusaljW3vYSLJrvQ1ck1hUaeVu8HVlY3vzHg=="
    },
    "bn.js": {
      "version": "5.2.1",
      "resolved": "https://registry.npmjs.org/bn.js/-/bn.js-5.2.1.tgz",
      "integrity": "sha512-eXRvHzWyYPBuB4NBy0cmYQjGitUrtqwbvlzP3G6VFnNRbsZQIxQ10PbKKHt8gZ/HW/D/747aDl+QkDqg3KQLMQ=="
    },
    "ed2curve": {
      "version": "0.3.0",
      "resolved": "https://registry.npmjs.org/ed2curve/-/ed2curve-0.3.0.tgz",
      "integrity": "sha512-8w2fmmq3hv9rCrcI7g9hms2pMunQr1JINfcjwR9tAyZqhtyaMN991lF/ZfHfr5tzZQ8c7y7aBgZbjfbd0fjFwQ==",
      "requires": {
        "tweetnacl": "1.x.x"
      }
    },
    "regenerator-runtime": {
      "version": "0.13.9",
      "resolved": "https://registry.npmjs.org/regenerator-runtime/-/regenerator-runtime-0.13.9.tgz",
      "integrity": "sha512-p3VT+cOEgxFsRRA9X4lkI1E+k2/CtnKtU4gcxyaCUreilL/vqI6CdZ3wxVUx3UOUg+gnUOQQcRI7BmSI656MYA=="
    },
    "rxjs": {
      "version": "7.5.6",
      "resolved": "https://registry.npmjs.org/rxjs/-/rxjs-7.5.6.tgz",
      "integrity": "sha512-dnyv2/YsXhnm461G+R/Pe5bWP41Nm6LBXEYWI6eiFP4fiwx6WRI/CD0zbdVAudd9xwLEF2IDcKXLHit0FYjUzw==",
      "requires": {
        "tslib": "^2.1.0"
      }
    },
    "tslib": {
      "version": "2.4.0",
      "resolved": "https://registry.npmjs.org/tslib/-/tslib-2.4.0.tgz",
      "integrity": "sha512-d6xOpEDfsi2CZVlPQzGeux8XMwLT9hssAsaPYExaQMuYskwb+x1x7J371tWlbBdWHroy99KnVB6qIkUbs5X3UQ=="
    },
    "tweetnacl": {
      "version": "1.0.3",
      "resolved": "https://registry.npmjs.org/tweetnacl/-/tweetnacl-1.0.3.tgz",
      "integrity": "sha512-6rt+RN7aOi1nGMyC4Xa5DdYiukl2UWCbcJft7YhxReBGQD7OAM8Pbxw6YMo4r2diNEA8FEmu32YOn9rhaiE5yw=="
    }
  }
}
